
Microsoft Visual Studio Solution File, Format Version 12.00
# Visual Studio 15
VisualStudioVersion = 15.0.28307.136
MinimumVisualStudioVersion = 10.0.40219.1
Project("{FAE04EC0-301F-11D3-BF4B-00C04F79EFBC}") = "QC4ExcelAddIn", "QuickCrossAddIn\QC4ExcelAddIn.csproj", "{65DAC777-4CE9-471F-974B-33423497D287}"
EndProject
Project("{FAE04EC0-301F-11D3-BF4B-00C04F79EFBC}") = "QuickCross4", "QuickCrossApp\QuickCross4.csproj", "{6AB0E47F-D8C3-416F-ABC2-A59916A1F7B5}"
EndProject
Project("{FAE04EC0-301F-11D3-BF4B-00C04F79EFBC}") = "Macromill.QCWeb", "Macromill.QCWeb\Macromill.QCWeb.csproj", "{E67300C0-4DBA-4E36-BD3B-F75C3B9E9F8E}"
EndProject
Project("{FAE04EC0-301F-11D3-BF4B-00C04F79EFBC}") = "Macromill.QCWeb.Dao", "Macromill.QCWeb.Dao\Macromill.QCWeb.Dao.csproj", "{5B48496B-234C-45F8-9BEA-0D8FB0BFA6A9}"
EndProject
Project("{FAE04EC0-301F-11D3-BF4B-00C04F79EFBC}") = "Macromill.QCWeb.Batch.Report", "Macromill.QCWeb.Batch.Report\Macromill.QCWeb.Batch.Report.csproj", "{EB027E68-D9CE-4828-91F6-598726AA0FBE}"
EndProject
Project("{FAE04EC0-301F-11D3-BF4B-00C04F79EFBC}") = "FilterSettingsView", "FilterSettingsView\FilterSettingsView.csproj", "{0D613868-A2E1-4F54-A066-CF6A0535AF2E}"
EndProject
Project("{FAE04EC0-301F-11D3-BF4B-00C04F79EFBC}") = "QC4Common", "QC4Common\QC4Common.csproj", "{1499A0D6-01AD-4B35-897F-E04E341EE0B3}"
EndProject
Project("{FAE04EC0-301F-11D3-BF4B-00C04F79EFBC}") = "QuickCROSS-Setup", "QuickCROSS-Setup\QuickCROSS-Setup.csproj", "{51AB659E-981D-453E-8C08-6976319C66DB}"
EndProject
Project("{54435603-DBB4-11D2-8724-00A0C9A8B90C}") = "Quick-CROSS4_x64", "Quick-CROSS4\Quick-CROSS4.vdproj", "{E518D97E-F412-4E58-9E93-8C6284D47923}"
EndProject
Project("{54435603-DBB4-11D2-8724-00A0C9A8B90C}") = "Quick-CROSS4_x86", "Quick-CROSS4_x86\Quick-CROSS4_x86.vdproj", "{5C50230E-7A90-44FB-A2A6-58D06EAE0776}"
EndProject
Project("{FAE04EC0-301F-11D3-BF4B-00C04F79EFBC}") = "ScrollableTabControl", "ScrollableTabControl\ScrollableTabControl.csproj", "{2E1FCE53-9B2D-4671-81E2-F9F7CDAFEAF4}"
EndProject
Project("{9A19103F-16F7-4668-BE54-9A1E7A4F7556}") = "QC4Test", "QC4Test\QC4Test.csproj", "{38C15791-C17A-49E3-B530-451CE964CF16}"
EndProject
Global
	GlobalSection(SolutionConfigurationPlatforms) = preSolution
		CD_ROM|Any CPU = CD_ROM|Any CPU
		CD_ROM|Itanium = CD_ROM|Itanium
		CD_ROM|x64 = CD_ROM|x64
		CD_ROM|x86 = CD_ROM|x86
		Custom|Any CPU = Custom|Any CPU
		Custom|Itanium = Custom|Itanium
		Custom|x64 = Custom|x64
		Custom|x86 = Custom|x86
		Debug|Any CPU = Debug|Any CPU
		Debug|Itanium = Debug|Itanium
		Debug|x64 = Debug|x64
		Debug|x86 = Debug|x86
		DVD-10|Any CPU = DVD-10|Any CPU
		DVD-10|Itanium = DVD-10|Itanium
		DVD-10|x64 = DVD-10|x64
		DVD-10|x86 = DVD-10|x86
		DVD-18|Any CPU = DVD-18|Any CPU
		DVD-18|Itanium = DVD-18|Itanium
		DVD-18|x64 = DVD-18|x64
		DVD-18|x86 = DVD-18|x86
		DVD-5|Any CPU = DVD-5|Any CPU
		DVD-5|Itanium = DVD-5|Itanium
		DVD-5|x64 = DVD-5|x64
		DVD-5|x86 = DVD-5|x86
		DVD-9|Any CPU = DVD-9|Any CPU
		DVD-9|Itanium = DVD-9|Itanium
		DVD-9|x64 = DVD-9|x64
		DVD-9|x86 = DVD-9|x86
		Release|Any CPU = Release|Any CPU
		Release|Itanium = Release|Itanium
		Release|x64 = Release|x64
		Release|x86 = Release|x86
		SingleImage|Any CPU = SingleImage|Any CPU
		SingleImage|Itanium = SingleImage|Itanium
		SingleImage|x64 = SingleImage|x64
		SingleImage|x86 = SingleImage|x86
		WebDeployment|Any CPU = WebDeployment|Any CPU
		WebDeployment|Itanium = WebDeployment|Itanium
		WebDeployment|x64 = WebDeployment|x64
		WebDeployment|x86 = WebDeployment|x86
	EndGlobalSection
	GlobalSection(ProjectConfigurationPlatforms) = postSolution
		{65DAC777-4CE9-471F-974B-33423497D287}.CD_ROM|Any CPU.ActiveCfg = Release|Any CPU
		{65DAC777-4CE9-471F-974B-33423497D287}.CD_ROM|Any CPU.Build.0 = Release|Any CPU
		{65DAC777-4CE9-471F-974B-33423497D287}.CD_ROM|Itanium.ActiveCfg = Release|Any CPU
		{65DAC777-4CE9-471F-974B-33423497D287}.CD_ROM|Itanium.Build.0 = Release|Any CPU
		{65DAC777-4CE9-471F-974B-33423497D287}.CD_ROM|x64.ActiveCfg = Release|x64
		{65DAC777-4CE9-471F-974B-33423497D287}.CD_ROM|x64.Build.0 = Release|x64
		{65DAC777-4CE9-471F-974B-33423497D287}.CD_ROM|x86.ActiveCfg = Release|Any CPU
		{65DAC777-4CE9-471F-974B-33423497D287}.CD_ROM|x86.Build.0 = Release|Any CPU
		{65DAC777-4CE9-471F-974B-33423497D287}.Custom|Any CPU.ActiveCfg = Release|Any CPU
		{65DAC777-4CE9-471F-974B-33423497D287}.Custom|Any CPU.Build.0 = Release|Any CPU
		{65DAC777-4CE9-471F-974B-33423497D287}.Custom|Itanium.ActiveCfg = Release|Any CPU
		{65DAC777-4CE9-471F-974B-33423497D287}.Custom|Itanium.Build.0 = Release|Any CPU
		{65DAC777-4CE9-471F-974B-33423497D287}.Custom|x64.ActiveCfg = Release|x64
		{65DAC777-4CE9-471F-974B-33423497D287}.Custom|x64.Build.0 = Release|x64
		{65DAC777-4CE9-471F-974B-33423497D287}.Custom|x86.ActiveCfg = Release|Any CPU
		{65DAC777-4CE9-471F-974B-33423497D287}.Custom|x86.Build.0 = Release|Any CPU
		{65DAC777-4CE9-471F-974B-33423497D287}.Debug|Any CPU.ActiveCfg = Debug|Any CPU
		{65DAC777-4CE9-471F-974B-33423497D287}.Debug|Any CPU.Build.0 = Debug|Any CPU
		{65DAC777-4CE9-471F-974B-33423497D287}.Debug|Itanium.ActiveCfg = Debug|Any CPU
		{65DAC777-4CE9-471F-974B-33423497D287}.Debug|Itanium.Build.0 = Debug|Any CPU
		{65DAC777-4CE9-471F-974B-33423497D287}.Debug|x64.ActiveCfg = Debug|x64
		{65DAC777-4CE9-471F-974B-33423497D287}.Debug|x64.Build.0 = Debug|x64
		{65DAC777-4CE9-471F-974B-33423497D287}.Debug|x86.ActiveCfg = Debug|Any CPU
		{65DAC777-4CE9-471F-974B-33423497D287}.Debug|x86.Build.0 = Debug|Any CPU
		{65DAC777-4CE9-471F-974B-33423497D287}.DVD-10|Any CPU.ActiveCfg = Debug|Any CPU
		{65DAC777-4CE9-471F-974B-33423497D287}.DVD-10|Any CPU.Build.0 = Debug|Any CPU
		{65DAC777-4CE9-471F-974B-33423497D287}.DVD-10|Itanium.ActiveCfg = Debug|Any CPU
		{65DAC777-4CE9-471F-974B-33423497D287}.DVD-10|Itanium.Build.0 = Debug|Any CPU
		{65DAC777-4CE9-471F-974B-33423497D287}.DVD-10|x64.ActiveCfg = Debug|x64
		{65DAC777-4CE9-471F-974B-33423497D287}.DVD-10|x64.Build.0 = Debug|x64
		{65DAC777-4CE9-471F-974B-33423497D287}.DVD-10|x86.ActiveCfg = Debug|Any CPU
		{65DAC777-4CE9-471F-974B-33423497D287}.DVD-10|x86.Build.0 = Debug|Any CPU
		{65DAC777-4CE9-471F-974B-33423497D287}.DVD-18|Any CPU.ActiveCfg = Debug|Any CPU
		{65DAC777-4CE9-471F-974B-33423497D287}.DVD-18|Any CPU.Build.0 = Debug|Any CPU
		{65DAC777-4CE9-471F-974B-33423497D287}.DVD-18|Itanium.ActiveCfg = Debug|Any CPU
		{65DAC777-4CE9-471F-974B-33423497D287}.DVD-18|Itanium.Build.0 = Debug|Any CPU
		{65DAC777-4CE9-471F-974B-33423497D287}.DVD-18|x64.ActiveCfg = Debug|x64
		{65DAC777-4CE9-471F-974B-33423497D287}.DVD-18|x64.Build.0 = Debug|x64
		{65DAC777-4CE9-471F-974B-33423497D287}.DVD-18|x86.ActiveCfg = Debug|Any CPU
		{65DAC777-4CE9-471F-974B-33423497D287}.DVD-18|x86.Build.0 = Debug|Any CPU
		{65DAC777-4CE9-471F-974B-33423497D287}.DVD-5|Any CPU.ActiveCfg = Debug|Any CPU
		{65DAC777-4CE9-471F-974B-33423497D287}.DVD-5|Any CPU.Build.0 = Debug|Any CPU
		{65DAC777-4CE9-471F-974B-33423497D287}.DVD-5|Itanium.ActiveCfg = Debug|Any CPU
		{65DAC777-4CE9-471F-974B-33423497D287}.DVD-5|Itanium.Build.0 = Debug|Any CPU
		{65DAC777-4CE9-471F-974B-33423497D287}.DVD-5|x64.ActiveCfg = Debug|x64
		{65DAC777-4CE9-471F-974B-33423497D287}.DVD-5|x64.Build.0 = Debug|x64
		{65DAC777-4CE9-471F-974B-33423497D287}.DVD-5|x86.ActiveCfg = Debug|Any CPU
		{65DAC777-4CE9-471F-974B-33423497D287}.DVD-5|x86.Build.0 = Debug|Any CPU
		{65DAC777-4CE9-471F-974B-33423497D287}.DVD-9|Any CPU.ActiveCfg = Debug|Any CPU
		{65DAC777-4CE9-471F-974B-33423497D287}.DVD-9|Any CPU.Build.0 = Debug|Any CPU
		{65DAC777-4CE9-471F-974B-33423497D287}.DVD-9|Itanium.ActiveCfg = Debug|Any CPU
		{65DAC777-4CE9-471F-974B-33423497D287}.DVD-9|Itanium.Build.0 = Debug|Any CPU
		{65DAC777-4CE9-471F-974B-33423497D287}.DVD-9|x64.ActiveCfg = Debug|x64
		{65DAC777-4CE9-471F-974B-33423497D287}.DVD-9|x64.Build.0 = Debug|x64
		{65DAC777-4CE9-471F-974B-33423497D287}.DVD-9|x86.ActiveCfg = Debug|Any CPU
		{65DAC777-4CE9-471F-974B-33423497D287}.DVD-9|x86.Build.0 = Debug|Any CPU
		{65DAC777-4CE9-471F-974B-33423497D287}.Release|Any CPU.ActiveCfg = Release|Any CPU
		{65DAC777-4CE9-471F-974B-33423497D287}.Release|Any CPU.Build.0 = Release|Any CPU
		{65DAC777-4CE9-471F-974B-33423497D287}.Release|Itanium.ActiveCfg = Release|Any CPU
		{65DAC777-4CE9-471F-974B-33423497D287}.Release|Itanium.Build.0 = Release|Any CPU
		{65DAC777-4CE9-471F-974B-33423497D287}.Release|x64.ActiveCfg = Release|x64
		{65DAC777-4CE9-471F-974B-33423497D287}.Release|x64.Build.0 = Release|x64
		{65DAC777-4CE9-471F-974B-33423497D287}.Release|x86.ActiveCfg = Release|Any CPU
		{65DAC777-4CE9-471F-974B-33423497D287}.Release|x86.Build.0 = Release|Any CPU
		{65DAC777-4CE9-471F-974B-33423497D287}.SingleImage|Any CPU.ActiveCfg = Release|Any CPU
		{65DAC777-4CE9-471F-974B-33423497D287}.SingleImage|Any CPU.Build.0 = Release|Any CPU
		{65DAC777-4CE9-471F-974B-33423497D287}.SingleImage|Itanium.ActiveCfg = Release|Any CPU
		{65DAC777-4CE9-471F-974B-33423497D287}.SingleImage|Itanium.Build.0 = Release|Any CPU
		{65DAC777-4CE9-471F-974B-33423497D287}.SingleImage|x64.ActiveCfg = Release|x64
		{65DAC777-4CE9-471F-974B-33423497D287}.SingleImage|x64.Build.0 = Release|x64
		{65DAC777-4CE9-471F-974B-33423497D287}.SingleImage|x86.ActiveCfg = Release|Any CPU
		{65DAC777-4CE9-471F-974B-33423497D287}.SingleImage|x86.Build.0 = Release|Any CPU
		{65DAC777-4CE9-471F-974B-33423497D287}.WebDeployment|Any CPU.ActiveCfg = Release|Any CPU
		{65DAC777-4CE9-471F-974B-33423497D287}.WebDeployment|Any CPU.Build.0 = Release|Any CPU
		{65DAC777-4CE9-471F-974B-33423497D287}.WebDeployment|Itanium.ActiveCfg = Release|Any CPU
		{65DAC777-4CE9-471F-974B-33423497D287}.WebDeployment|Itanium.Build.0 = Release|Any CPU
		{65DAC777-4CE9-471F-974B-33423497D287}.WebDeployment|x64.ActiveCfg = Release|x64
		{65DAC777-4CE9-471F-974B-33423497D287}.WebDeployment|x64.Build.0 = Release|x64
		{65DAC777-4CE9-471F-974B-33423497D287}.WebDeployment|x86.ActiveCfg = Release|Any CPU
		{65DAC777-4CE9-471F-974B-33423497D287}.WebDeployment|x86.Build.0 = Release|Any CPU
		{6AB0E47F-D8C3-416F-ABC2-A59916A1F7B5}.CD_ROM|Any CPU.ActiveCfg = Release|Any CPU
		{6AB0E47F-D8C3-416F-ABC2-A59916A1F7B5}.CD_ROM|Any CPU.Build.0 = Release|Any CPU
		{6AB0E47F-D8C3-416F-ABC2-A59916A1F7B5}.CD_ROM|Itanium.ActiveCfg = Release|Any CPU
		{6AB0E47F-D8C3-416F-ABC2-A59916A1F7B5}.CD_ROM|Itanium.Build.0 = Release|Any CPU
		{6AB0E47F-D8C3-416F-ABC2-A59916A1F7B5}.CD_ROM|x64.ActiveCfg = Release|Any CPU
		{6AB0E47F-D8C3-416F-ABC2-A59916A1F7B5}.CD_ROM|x64.Build.0 = Release|Any CPU
		{6AB0E47F-D8C3-416F-ABC2-A59916A1F7B5}.CD_ROM|x86.ActiveCfg = Release|x86
		{6AB0E47F-D8C3-416F-ABC2-A59916A1F7B5}.CD_ROM|x86.Build.0 = Release|x86
		{6AB0E47F-D8C3-416F-ABC2-A59916A1F7B5}.Custom|Any CPU.ActiveCfg = Release|Any CPU
		{6AB0E47F-D8C3-416F-ABC2-A59916A1F7B5}.Custom|Any CPU.Build.0 = Release|Any CPU
		{6AB0E47F-D8C3-416F-ABC2-A59916A1F7B5}.Custom|Itanium.ActiveCfg = Release|Any CPU
		{6AB0E47F-D8C3-416F-ABC2-A59916A1F7B5}.Custom|Itanium.Build.0 = Release|Any CPU
		{6AB0E47F-D8C3-416F-ABC2-A59916A1F7B5}.Custom|x64.ActiveCfg = Release|Any CPU
		{6AB0E47F-D8C3-416F-ABC2-A59916A1F7B5}.Custom|x64.Build.0 = Release|Any CPU
		{6AB0E47F-D8C3-416F-ABC2-A59916A1F7B5}.Custom|x86.ActiveCfg = Release|x86
		{6AB0E47F-D8C3-416F-ABC2-A59916A1F7B5}.Custom|x86.Build.0 = Release|x86
		{6AB0E47F-D8C3-416F-ABC2-A59916A1F7B5}.Debug|Any CPU.ActiveCfg = Debug|Any CPU
		{6AB0E47F-D8C3-416F-ABC2-A59916A1F7B5}.Debug|Any CPU.Build.0 = Debug|Any CPU
		{6AB0E47F-D8C3-416F-ABC2-A59916A1F7B5}.Debug|Itanium.ActiveCfg = Debug|Any CPU
		{6AB0E47F-D8C3-416F-ABC2-A59916A1F7B5}.Debug|Itanium.Build.0 = Debug|Any CPU
		{6AB0E47F-D8C3-416F-ABC2-A59916A1F7B5}.Debug|x64.ActiveCfg = Debug|Any CPU
		{6AB0E47F-D8C3-416F-ABC2-A59916A1F7B5}.Debug|x64.Build.0 = Debug|Any CPU
		{6AB0E47F-D8C3-416F-ABC2-A59916A1F7B5}.Debug|x86.ActiveCfg = Debug|x86
		{6AB0E47F-D8C3-416F-ABC2-A59916A1F7B5}.Debug|x86.Build.0 = Debug|x86
		{6AB0E47F-D8C3-416F-ABC2-A59916A1F7B5}.DVD-10|Any CPU.ActiveCfg = Debug|Any CPU
		{6AB0E47F-D8C3-416F-ABC2-A59916A1F7B5}.DVD-10|Any CPU.Build.0 = Debug|Any CPU
		{6AB0E47F-D8C3-416F-ABC2-A59916A1F7B5}.DVD-10|Itanium.ActiveCfg = Debug|Any CPU
		{6AB0E47F-D8C3-416F-ABC2-A59916A1F7B5}.DVD-10|Itanium.Build.0 = Debug|Any CPU
		{6AB0E47F-D8C3-416F-ABC2-A59916A1F7B5}.DVD-10|x64.ActiveCfg = Debug|Any CPU
		{6AB0E47F-D8C3-416F-ABC2-A59916A1F7B5}.DVD-10|x64.Build.0 = Debug|Any CPU
		{6AB0E47F-D8C3-416F-ABC2-A59916A1F7B5}.DVD-10|x86.ActiveCfg = Debug|x86
		{6AB0E47F-D8C3-416F-ABC2-A59916A1F7B5}.DVD-10|x86.Build.0 = Debug|x86
		{6AB0E47F-D8C3-416F-ABC2-A59916A1F7B5}.DVD-18|Any CPU.ActiveCfg = Debug|Any CPU
		{6AB0E47F-D8C3-416F-ABC2-A59916A1F7B5}.DVD-18|Any CPU.Build.0 = Debug|Any CPU
		{6AB0E47F-D8C3-416F-ABC2-A59916A1F7B5}.DVD-18|Itanium.ActiveCfg = Debug|Any CPU
		{6AB0E47F-D8C3-416F-ABC2-A59916A1F7B5}.DVD-18|Itanium.Build.0 = Debug|Any CPU
		{6AB0E47F-D8C3-416F-ABC2-A59916A1F7B5}.DVD-18|x64.ActiveCfg = Debug|Any CPU
		{6AB0E47F-D8C3-416F-ABC2-A59916A1F7B5}.DVD-18|x64.Build.0 = Debug|Any CPU
		{6AB0E47F-D8C3-416F-ABC2-A59916A1F7B5}.DVD-18|x86.ActiveCfg = Debug|x86
		{6AB0E47F-D8C3-416F-ABC2-A59916A1F7B5}.DVD-18|x86.Build.0 = Debug|x86
		{6AB0E47F-D8C3-416F-ABC2-A59916A1F7B5}.DVD-5|Any CPU.ActiveCfg = Debug|Any CPU
		{6AB0E47F-D8C3-416F-ABC2-A59916A1F7B5}.DVD-5|Any CPU.Build.0 = Debug|Any CPU
		{6AB0E47F-D8C3-416F-ABC2-A59916A1F7B5}.DVD-5|Itanium.ActiveCfg = Debug|Any CPU
		{6AB0E47F-D8C3-416F-ABC2-A59916A1F7B5}.DVD-5|Itanium.Build.0 = Debug|Any CPU
		{6AB0E47F-D8C3-416F-ABC2-A59916A1F7B5}.DVD-5|x64.ActiveCfg = Debug|Any CPU
		{6AB0E47F-D8C3-416F-ABC2-A59916A1F7B5}.DVD-5|x64.Build.0 = Debug|Any CPU
		{6AB0E47F-D8C3-416F-ABC2-A59916A1F7B5}.DVD-5|x86.ActiveCfg = Debug|x86
		{6AB0E47F-D8C3-416F-ABC2-A59916A1F7B5}.DVD-5|x86.Build.0 = Debug|x86
		{6AB0E47F-D8C3-416F-ABC2-A59916A1F7B5}.DVD-9|Any CPU.ActiveCfg = Debug|Any CPU
		{6AB0E47F-D8C3-416F-ABC2-A59916A1F7B5}.DVD-9|Any CPU.Build.0 = Debug|Any CPU
		{6AB0E47F-D8C3-416F-ABC2-A59916A1F7B5}.DVD-9|Itanium.ActiveCfg = Debug|Any CPU
		{6AB0E47F-D8C3-416F-ABC2-A59916A1F7B5}.DVD-9|Itanium.Build.0 = Debug|Any CPU
		{6AB0E47F-D8C3-416F-ABC2-A59916A1F7B5}.DVD-9|x64.ActiveCfg = Debug|Any CPU
		{6AB0E47F-D8C3-416F-ABC2-A59916A1F7B5}.DVD-9|x64.Build.0 = Debug|Any CPU
		{6AB0E47F-D8C3-416F-ABC2-A59916A1F7B5}.DVD-9|x86.ActiveCfg = Debug|x86
		{6AB0E47F-D8C3-416F-ABC2-A59916A1F7B5}.DVD-9|x86.Build.0 = Debug|x86
		{6AB0E47F-D8C3-416F-ABC2-A59916A1F7B5}.Release|Any CPU.ActiveCfg = Release|Any CPU
		{6AB0E47F-D8C3-416F-ABC2-A59916A1F7B5}.Release|Any CPU.Build.0 = Release|Any CPU
		{6AB0E47F-D8C3-416F-ABC2-A59916A1F7B5}.Release|Itanium.ActiveCfg = Release|Any CPU
		{6AB0E47F-D8C3-416F-ABC2-A59916A1F7B5}.Release|Itanium.Build.0 = Release|Any CPU
		{6AB0E47F-D8C3-416F-ABC2-A59916A1F7B5}.Release|x64.ActiveCfg = Release|Any CPU
		{6AB0E47F-D8C3-416F-ABC2-A59916A1F7B5}.Release|x64.Build.0 = Release|Any CPU
		{6AB0E47F-D8C3-416F-ABC2-A59916A1F7B5}.Release|x86.ActiveCfg = Release|x86
		{6AB0E47F-D8C3-416F-ABC2-A59916A1F7B5}.Release|x86.Build.0 = Release|x86
		{6AB0E47F-D8C3-416F-ABC2-A59916A1F7B5}.SingleImage|Any CPU.ActiveCfg = Release|Any CPU
		{6AB0E47F-D8C3-416F-ABC2-A59916A1F7B5}.SingleImage|Any CPU.Build.0 = Release|Any CPU
		{6AB0E47F-D8C3-416F-ABC2-A59916A1F7B5}.SingleImage|Itanium.ActiveCfg = Release|Any CPU
		{6AB0E47F-D8C3-416F-ABC2-A59916A1F7B5}.SingleImage|Itanium.Build.0 = Release|Any CPU
		{6AB0E47F-D8C3-416F-ABC2-A59916A1F7B5}.SingleImage|x64.ActiveCfg = Release|Any CPU
		{6AB0E47F-D8C3-416F-ABC2-A59916A1F7B5}.SingleImage|x64.Build.0 = Release|Any CPU
		{6AB0E47F-D8C3-416F-ABC2-A59916A1F7B5}.SingleImage|x86.ActiveCfg = Release|x86
		{6AB0E47F-D8C3-416F-ABC2-A59916A1F7B5}.SingleImage|x86.Build.0 = Release|x86
		{6AB0E47F-D8C3-416F-ABC2-A59916A1F7B5}.WebDeployment|Any CPU.ActiveCfg = Release|Any CPU
		{6AB0E47F-D8C3-416F-ABC2-A59916A1F7B5}.WebDeployment|Any CPU.Build.0 = Release|Any CPU
		{6AB0E47F-D8C3-416F-ABC2-A59916A1F7B5}.WebDeployment|Itanium.ActiveCfg = Release|Any CPU
		{6AB0E47F-D8C3-416F-ABC2-A59916A1F7B5}.WebDeployment|Itanium.Build.0 = Release|Any CPU
		{6AB0E47F-D8C3-416F-ABC2-A59916A1F7B5}.WebDeployment|x64.ActiveCfg = Release|Any CPU
		{6AB0E47F-D8C3-416F-ABC2-A59916A1F7B5}.WebDeployment|x64.Build.0 = Release|Any CPU
		{6AB0E47F-D8C3-416F-ABC2-A59916A1F7B5}.WebDeployment|x86.ActiveCfg = Release|x86
		{6AB0E47F-D8C3-416F-ABC2-A59916A1F7B5}.WebDeployment|x86.Build.0 = Release|x86
		{E67300C0-4DBA-4E36-BD3B-F75C3B9E9F8E}.CD_ROM|Any CPU.ActiveCfg = Release|Any CPU
		{E67300C0-4DBA-4E36-BD3B-F75C3B9E9F8E}.CD_ROM|Any CPU.Build.0 = Release|Any CPU
		{E67300C0-4DBA-4E36-BD3B-F75C3B9E9F8E}.CD_ROM|Itanium.ActiveCfg = Release|Any CPU
		{E67300C0-4DBA-4E36-BD3B-F75C3B9E9F8E}.CD_ROM|Itanium.Build.0 = Release|Any CPU
		{E67300C0-4DBA-4E36-BD3B-F75C3B9E9F8E}.CD_ROM|x64.ActiveCfg = Release|Any CPU
		{E67300C0-4DBA-4E36-BD3B-F75C3B9E9F8E}.CD_ROM|x64.Build.0 = Release|Any CPU
		{E67300C0-4DBA-4E36-BD3B-F75C3B9E9F8E}.CD_ROM|x86.ActiveCfg = Release|Any CPU
		{E67300C0-4DBA-4E36-BD3B-F75C3B9E9F8E}.CD_ROM|x86.Build.0 = Release|Any CPU
		{E67300C0-4DBA-4E36-BD3B-F75C3B9E9F8E}.Custom|Any CPU.ActiveCfg = Release|Any CPU
		{E67300C0-4DBA-4E36-BD3B-F75C3B9E9F8E}.Custom|Any CPU.Build.0 = Release|Any CPU
		{E67300C0-4DBA-4E36-BD3B-F75C3B9E9F8E}.Custom|Itanium.ActiveCfg = Release|Any CPU
		{E67300C0-4DBA-4E36-BD3B-F75C3B9E9F8E}.Custom|Itanium.Build.0 = Release|Any CPU
		{E67300C0-4DBA-4E36-BD3B-F75C3B9E9F8E}.Custom|x64.ActiveCfg = Release|Any CPU
		{E67300C0-4DBA-4E36-BD3B-F75C3B9E9F8E}.Custom|x64.Build.0 = Release|Any CPU
		{E67300C0-4DBA-4E36-BD3B-F75C3B9E9F8E}.Custom|x86.ActiveCfg = Release|Any CPU
		{E67300C0-4DBA-4E36-BD3B-F75C3B9E9F8E}.Custom|x86.Build.0 = Release|Any CPU
		{E67300C0-4DBA-4E36-BD3B-F75C3B9E9F8E}.Debug|Any CPU.ActiveCfg = Debug|Any CPU
		{E67300C0-4DBA-4E36-BD3B-F75C3B9E9F8E}.Debug|Any CPU.Build.0 = Debug|Any CPU
		{E67300C0-4DBA-4E36-BD3B-F75C3B9E9F8E}.Debug|Itanium.ActiveCfg = Debug|Any CPU
		{E67300C0-4DBA-4E36-BD3B-F75C3B9E9F8E}.Debug|Itanium.Build.0 = Debug|Any CPU
		{E67300C0-4DBA-4E36-BD3B-F75C3B9E9F8E}.Debug|x64.ActiveCfg = Debug|Any CPU
		{E67300C0-4DBA-4E36-BD3B-F75C3B9E9F8E}.Debug|x64.Build.0 = Debug|Any CPU
		{E67300C0-4DBA-4E36-BD3B-F75C3B9E9F8E}.Debug|x86.ActiveCfg = Debug|Any CPU
		{E67300C0-4DBA-4E36-BD3B-F75C3B9E9F8E}.DVD-10|Any CPU.ActiveCfg = Debug|Any CPU
		{E67300C0-4DBA-4E36-BD3B-F75C3B9E9F8E}.DVD-10|Any CPU.Build.0 = Debug|Any CPU
		{E67300C0-4DBA-4E36-BD3B-F75C3B9E9F8E}.DVD-10|Itanium.ActiveCfg = Debug|Any CPU
		{E67300C0-4DBA-4E36-BD3B-F75C3B9E9F8E}.DVD-10|Itanium.Build.0 = Debug|Any CPU
		{E67300C0-4DBA-4E36-BD3B-F75C3B9E9F8E}.DVD-10|x64.ActiveCfg = Debug|Any CPU
		{E67300C0-4DBA-4E36-BD3B-F75C3B9E9F8E}.DVD-10|x64.Build.0 = Debug|Any CPU
		{E67300C0-4DBA-4E36-BD3B-F75C3B9E9F8E}.DVD-10|x86.ActiveCfg = Debug|Any CPU
		{E67300C0-4DBA-4E36-BD3B-F75C3B9E9F8E}.DVD-10|x86.Build.0 = Debug|Any CPU
		{E67300C0-4DBA-4E36-BD3B-F75C3B9E9F8E}.DVD-18|Any CPU.ActiveCfg = Debug|Any CPU
		{E67300C0-4DBA-4E36-BD3B-F75C3B9E9F8E}.DVD-18|Any CPU.Build.0 = Debug|Any CPU
		{E67300C0-4DBA-4E36-BD3B-F75C3B9E9F8E}.DVD-18|Itanium.ActiveCfg = Debug|Any CPU
		{E67300C0-4DBA-4E36-BD3B-F75C3B9E9F8E}.DVD-18|Itanium.Build.0 = Debug|Any CPU
		{E67300C0-4DBA-4E36-BD3B-F75C3B9E9F8E}.DVD-18|x64.ActiveCfg = Debug|Any CPU
		{E67300C0-4DBA-4E36-BD3B-F75C3B9E9F8E}.DVD-18|x64.Build.0 = Debug|Any CPU
		{E67300C0-4DBA-4E36-BD3B-F75C3B9E9F8E}.DVD-18|x86.ActiveCfg = Debug|Any CPU
		{E67300C0-4DBA-4E36-BD3B-F75C3B9E9F8E}.DVD-18|x86.Build.0 = Debug|Any CPU
		{E67300C0-4DBA-4E36-BD3B-F75C3B9E9F8E}.DVD-5|Any CPU.ActiveCfg = Debug|Any CPU
		{E67300C0-4DBA-4E36-BD3B-F75C3B9E9F8E}.DVD-5|Any CPU.Build.0 = Debug|Any CPU
		{E67300C0-4DBA-4E36-BD3B-F75C3B9E9F8E}.DVD-5|Itanium.ActiveCfg = Debug|Any CPU
		{E67300C0-4DBA-4E36-BD3B-F75C3B9E9F8E}.DVD-5|Itanium.Build.0 = Debug|Any CPU
		{E67300C0-4DBA-4E36-BD3B-F75C3B9E9F8E}.DVD-5|x64.ActiveCfg = Debug|Any CPU
		{E67300C0-4DBA-4E36-BD3B-F75C3B9E9F8E}.DVD-5|x64.Build.0 = Debug|Any CPU
		{E67300C0-4DBA-4E36-BD3B-F75C3B9E9F8E}.DVD-5|x86.ActiveCfg = Debug|Any CPU
		{E67300C0-4DBA-4E36-BD3B-F75C3B9E9F8E}.DVD-5|x86.Build.0 = Debug|Any CPU
		{E67300C0-4DBA-4E36-BD3B-F75C3B9E9F8E}.DVD-9|Any CPU.ActiveCfg = Debug|Any CPU
		{E67300C0-4DBA-4E36-BD3B-F75C3B9E9F8E}.DVD-9|Any CPU.Build.0 = Debug|Any CPU
		{E67300C0-4DBA-4E36-BD3B-F75C3B9E9F8E}.DVD-9|Itanium.ActiveCfg = Debug|Any CPU
		{E67300C0-4DBA-4E36-BD3B-F75C3B9E9F8E}.DVD-9|Itanium.Build.0 = Debug|Any CPU
		{E67300C0-4DBA-4E36-BD3B-F75C3B9E9F8E}.DVD-9|x64.ActiveCfg = Debug|Any CPU
		{E67300C0-4DBA-4E36-BD3B-F75C3B9E9F8E}.DVD-9|x64.Build.0 = Debug|Any CPU
		{E67300C0-4DBA-4E36-BD3B-F75C3B9E9F8E}.DVD-9|x86.ActiveCfg = Debug|Any CPU
		{E67300C0-4DBA-4E36-BD3B-F75C3B9E9F8E}.DVD-9|x86.Build.0 = Debug|Any CPU
		{E67300C0-4DBA-4E36-BD3B-F75C3B9E9F8E}.Release|Any CPU.ActiveCfg = Release|Any CPU
		{E67300C0-4DBA-4E36-BD3B-F75C3B9E9F8E}.Release|Any CPU.Build.0 = Release|Any CPU
		{E67300C0-4DBA-4E36-BD3B-F75C3B9E9F8E}.Release|Itanium.ActiveCfg = Release|Any CPU
		{E67300C0-4DBA-4E36-BD3B-F75C3B9E9F8E}.Release|Itanium.Build.0 = Release|Any CPU
		{E67300C0-4DBA-4E36-BD3B-F75C3B9E9F8E}.Release|x64.ActiveCfg = Release|Any CPU
		{E67300C0-4DBA-4E36-BD3B-F75C3B9E9F8E}.Release|x64.Build.0 = Release|Any CPU
		{E67300C0-4DBA-4E36-BD3B-F75C3B9E9F8E}.Release|x86.ActiveCfg = Release|Any CPU
		{E67300C0-4DBA-4E36-BD3B-F75C3B9E9F8E}.Release|x86.Build.0 = Release|Any CPU
		{E67300C0-4DBA-4E36-BD3B-F75C3B9E9F8E}.SingleImage|Any CPU.ActiveCfg = Release|Any CPU
		{E67300C0-4DBA-4E36-BD3B-F75C3B9E9F8E}.SingleImage|Any CPU.Build.0 = Release|Any CPU
		{E67300C0-4DBA-4E36-BD3B-F75C3B9E9F8E}.SingleImage|Itanium.ActiveCfg = Release|Any CPU
		{E67300C0-4DBA-4E36-BD3B-F75C3B9E9F8E}.SingleImage|Itanium.Build.0 = Release|Any CPU
		{E67300C0-4DBA-4E36-BD3B-F75C3B9E9F8E}.SingleImage|x64.ActiveCfg = Release|Any CPU
		{E67300C0-4DBA-4E36-BD3B-F75C3B9E9F8E}.SingleImage|x64.Build.0 = Release|Any CPU
		{E67300C0-4DBA-4E36-BD3B-F75C3B9E9F8E}.SingleImage|x86.ActiveCfg = Release|Any CPU
		{E67300C0-4DBA-4E36-BD3B-F75C3B9E9F8E}.SingleImage|x86.Build.0 = Release|Any CPU
		{E67300C0-4DBA-4E36-BD3B-F75C3B9E9F8E}.WebDeployment|Any CPU.ActiveCfg = Release|Any CPU
		{E67300C0-4DBA-4E36-BD3B-F75C3B9E9F8E}.WebDeployment|Any CPU.Build.0 = Release|Any CPU
		{E67300C0-4DBA-4E36-BD3B-F75C3B9E9F8E}.WebDeployment|Itanium.ActiveCfg = Release|Any CPU
		{E67300C0-4DBA-4E36-BD3B-F75C3B9E9F8E}.WebDeployment|Itanium.Build.0 = Release|Any CPU
		{E67300C0-4DBA-4E36-BD3B-F75C3B9E9F8E}.WebDeployment|x64.ActiveCfg = Release|Any CPU
		{E67300C0-4DBA-4E36-BD3B-F75C3B9E9F8E}.WebDeployment|x64.Build.0 = Release|Any CPU
		{E67300C0-4DBA-4E36-BD3B-F75C3B9E9F8E}.WebDeployment|x86.ActiveCfg = Release|Any CPU
		{E67300C0-4DBA-4E36-BD3B-F75C3B9E9F8E}.WebDeployment|x86.Build.0 = Release|Any CPU
		{5B48496B-234C-45F8-9BEA-0D8FB0BFA6A9}.CD_ROM|Any CPU.ActiveCfg = Release|Any CPU
		{5B48496B-234C-45F8-9BEA-0D8FB0BFA6A9}.CD_ROM|Any CPU.Build.0 = Release|Any CPU
		{5B48496B-234C-45F8-9BEA-0D8FB0BFA6A9}.CD_ROM|Itanium.ActiveCfg = Release|Any CPU
		{5B48496B-234C-45F8-9BEA-0D8FB0BFA6A9}.CD_ROM|Itanium.Build.0 = Release|Any CPU
		{5B48496B-234C-45F8-9BEA-0D8FB0BFA6A9}.CD_ROM|x64.ActiveCfg = Release|Any CPU
		{5B48496B-234C-45F8-9BEA-0D8FB0BFA6A9}.CD_ROM|x64.Build.0 = Release|Any CPU
		{5B48496B-234C-45F8-9BEA-0D8FB0BFA6A9}.CD_ROM|x86.ActiveCfg = Release|Any CPU
		{5B48496B-234C-45F8-9BEA-0D8FB0BFA6A9}.CD_ROM|x86.Build.0 = Release|Any CPU
		{5B48496B-234C-45F8-9BEA-0D8FB0BFA6A9}.Custom|Any CPU.ActiveCfg = Release|Any CPU
		{5B48496B-234C-45F8-9BEA-0D8FB0BFA6A9}.Custom|Any CPU.Build.0 = Release|Any CPU
		{5B48496B-234C-45F8-9BEA-0D8FB0BFA6A9}.Custom|Itanium.ActiveCfg = Release|Any CPU
		{5B48496B-234C-45F8-9BEA-0D8FB0BFA6A9}.Custom|Itanium.Build.0 = Release|Any CPU
		{5B48496B-234C-45F8-9BEA-0D8FB0BFA6A9}.Custom|x64.ActiveCfg = Release|Any CPU
		{5B48496B-234C-45F8-9BEA-0D8FB0BFA6A9}.Custom|x64.Build.0 = Release|Any CPU
		{5B48496B-234C-45F8-9BEA-0D8FB0BFA6A9}.Custom|x86.ActiveCfg = Release|Any CPU
		{5B48496B-234C-45F8-9BEA-0D8FB0BFA6A9}.Custom|x86.Build.0 = Release|Any CPU
		{5B48496B-234C-45F8-9BEA-0D8FB0BFA6A9}.Debug|Any CPU.ActiveCfg = Debug|Any CPU
		{5B48496B-234C-45F8-9BEA-0D8FB0BFA6A9}.Debug|Any CPU.Build.0 = Debug|Any CPU
		{5B48496B-234C-45F8-9BEA-0D8FB0BFA6A9}.Debug|Itanium.ActiveCfg = Debug|Any CPU
		{5B48496B-234C-45F8-9BEA-0D8FB0BFA6A9}.Debug|Itanium.Build.0 = Debug|Any CPU
		{5B48496B-234C-45F8-9BEA-0D8FB0BFA6A9}.Debug|x64.ActiveCfg = Debug|Any CPU
		{5B48496B-234C-45F8-9BEA-0D8FB0BFA6A9}.Debug|x64.Build.0 = Debug|Any CPU
		{5B48496B-234C-45F8-9BEA-0D8FB0BFA6A9}.Debug|x86.ActiveCfg = Debug|Any CPU
		{5B48496B-234C-45F8-9BEA-0D8FB0BFA6A9}.DVD-10|Any CPU.ActiveCfg = Debug|Any CPU
		{5B48496B-234C-45F8-9BEA-0D8FB0BFA6A9}.DVD-10|Any CPU.Build.0 = Debug|Any CPU
		{5B48496B-234C-45F8-9BEA-0D8FB0BFA6A9}.DVD-10|Itanium.ActiveCfg = Debug|Any CPU
		{5B48496B-234C-45F8-9BEA-0D8FB0BFA6A9}.DVD-10|Itanium.Build.0 = Debug|Any CPU
		{5B48496B-234C-45F8-9BEA-0D8FB0BFA6A9}.DVD-10|x64.ActiveCfg = Debug|Any CPU
		{5B48496B-234C-45F8-9BEA-0D8FB0BFA6A9}.DVD-10|x64.Build.0 = Debug|Any CPU
		{5B48496B-234C-45F8-9BEA-0D8FB0BFA6A9}.DVD-10|x86.ActiveCfg = Debug|Any CPU
		{5B48496B-234C-45F8-9BEA-0D8FB0BFA6A9}.DVD-10|x86.Build.0 = Debug|Any CPU
		{5B48496B-234C-45F8-9BEA-0D8FB0BFA6A9}.DVD-18|Any CPU.ActiveCfg = Debug|Any CPU
		{5B48496B-234C-45F8-9BEA-0D8FB0BFA6A9}.DVD-18|Any CPU.Build.0 = Debug|Any CPU
		{5B48496B-234C-45F8-9BEA-0D8FB0BFA6A9}.DVD-18|Itanium.ActiveCfg = Debug|Any CPU
		{5B48496B-234C-45F8-9BEA-0D8FB0BFA6A9}.DVD-18|Itanium.Build.0 = Debug|Any CPU
		{5B48496B-234C-45F8-9BEA-0D8FB0BFA6A9}.DVD-18|x64.ActiveCfg = Debug|Any CPU
		{5B48496B-234C-45F8-9BEA-0D8FB0BFA6A9}.DVD-18|x64.Build.0 = Debug|Any CPU
		{5B48496B-234C-45F8-9BEA-0D8FB0BFA6A9}.DVD-18|x86.ActiveCfg = Debug|Any CPU
		{5B48496B-234C-45F8-9BEA-0D8FB0BFA6A9}.DVD-18|x86.Build.0 = Debug|Any CPU
		{5B48496B-234C-45F8-9BEA-0D8FB0BFA6A9}.DVD-5|Any CPU.ActiveCfg = Debug|Any CPU
		{5B48496B-234C-45F8-9BEA-0D8FB0BFA6A9}.DVD-5|Any CPU.Build.0 = Debug|Any CPU
		{5B48496B-234C-45F8-9BEA-0D8FB0BFA6A9}.DVD-5|Itanium.ActiveCfg = Debug|Any CPU
		{5B48496B-234C-45F8-9BEA-0D8FB0BFA6A9}.DVD-5|Itanium.Build.0 = Debug|Any CPU
		{5B48496B-234C-45F8-9BEA-0D8FB0BFA6A9}.DVD-5|x64.ActiveCfg = Debug|Any CPU
		{5B48496B-234C-45F8-9BEA-0D8FB0BFA6A9}.DVD-5|x64.Build.0 = Debug|Any CPU
		{5B48496B-234C-45F8-9BEA-0D8FB0BFA6A9}.DVD-5|x86.ActiveCfg = Debug|Any CPU
		{5B48496B-234C-45F8-9BEA-0D8FB0BFA6A9}.DVD-5|x86.Build.0 = Debug|Any CPU
		{5B48496B-234C-45F8-9BEA-0D8FB0BFA6A9}.DVD-9|Any CPU.ActiveCfg = Debug|Any CPU
		{5B48496B-234C-45F8-9BEA-0D8FB0BFA6A9}.DVD-9|Any CPU.Build.0 = Debug|Any CPU
		{5B48496B-234C-45F8-9BEA-0D8FB0BFA6A9}.DVD-9|Itanium.ActiveCfg = Debug|Any CPU
		{5B48496B-234C-45F8-9BEA-0D8FB0BFA6A9}.DVD-9|Itanium.Build.0 = Debug|Any CPU
		{5B48496B-234C-45F8-9BEA-0D8FB0BFA6A9}.DVD-9|x64.ActiveCfg = Debug|Any CPU
		{5B48496B-234C-45F8-9BEA-0D8FB0BFA6A9}.DVD-9|x64.Build.0 = Debug|Any CPU
		{5B48496B-234C-45F8-9BEA-0D8FB0BFA6A9}.DVD-9|x86.ActiveCfg = Debug|Any CPU
		{5B48496B-234C-45F8-9BEA-0D8FB0BFA6A9}.DVD-9|x86.Build.0 = Debug|Any CPU
		{5B48496B-234C-45F8-9BEA-0D8FB0BFA6A9}.Release|Any CPU.ActiveCfg = Release|Any CPU
		{5B48496B-234C-45F8-9BEA-0D8FB0BFA6A9}.Release|Any CPU.Build.0 = Release|Any CPU
		{5B48496B-234C-45F8-9BEA-0D8FB0BFA6A9}.Release|Itanium.ActiveCfg = Release|Any CPU
		{5B48496B-234C-45F8-9BEA-0D8FB0BFA6A9}.Release|Itanium.Build.0 = Release|Any CPU
		{5B48496B-234C-45F8-9BEA-0D8FB0BFA6A9}.Release|x64.ActiveCfg = Release|Any CPU
		{5B48496B-234C-45F8-9BEA-0D8FB0BFA6A9}.Release|x64.Build.0 = Release|Any CPU
		{5B48496B-234C-45F8-9BEA-0D8FB0BFA6A9}.Release|x86.ActiveCfg = Release|Any CPU
		{5B48496B-234C-45F8-9BEA-0D8FB0BFA6A9}.SingleImage|Any CPU.ActiveCfg = Release|Any CPU
		{5B48496B-234C-45F8-9BEA-0D8FB0BFA6A9}.SingleImage|Any CPU.Build.0 = Release|Any CPU
		{5B48496B-234C-45F8-9BEA-0D8FB0BFA6A9}.SingleImage|Itanium.ActiveCfg = Release|Any CPU
		{5B48496B-234C-45F8-9BEA-0D8FB0BFA6A9}.SingleImage|Itanium.Build.0 = Release|Any CPU
		{5B48496B-234C-45F8-9BEA-0D8FB0BFA6A9}.SingleImage|x64.ActiveCfg = Release|Any CPU
		{5B48496B-234C-45F8-9BEA-0D8FB0BFA6A9}.SingleImage|x64.Build.0 = Release|Any CPU
		{5B48496B-234C-45F8-9BEA-0D8FB0BFA6A9}.SingleImage|x86.ActiveCfg = Release|Any CPU
		{5B48496B-234C-45F8-9BEA-0D8FB0BFA6A9}.SingleImage|x86.Build.0 = Release|Any CPU
		{5B48496B-234C-45F8-9BEA-0D8FB0BFA6A9}.WebDeployment|Any CPU.ActiveCfg = Release|Any CPU
		{5B48496B-234C-45F8-9BEA-0D8FB0BFA6A9}.WebDeployment|Any CPU.Build.0 = Release|Any CPU
		{5B48496B-234C-45F8-9BEA-0D8FB0BFA6A9}.WebDeployment|Itanium.ActiveCfg = Release|Any CPU
		{5B48496B-234C-45F8-9BEA-0D8FB0BFA6A9}.WebDeployment|Itanium.Build.0 = Release|Any CPU
		{5B48496B-234C-45F8-9BEA-0D8FB0BFA6A9}.WebDeployment|x64.ActiveCfg = Release|Any CPU
		{5B48496B-234C-45F8-9BEA-0D8FB0BFA6A9}.WebDeployment|x64.Build.0 = Release|Any CPU
		{5B48496B-234C-45F8-9BEA-0D8FB0BFA6A9}.WebDeployment|x86.ActiveCfg = Release|Any CPU
		{5B48496B-234C-45F8-9BEA-0D8FB0BFA6A9}.WebDeployment|x86.Build.0 = Release|Any CPU
		{EB027E68-D9CE-4828-91F6-598726AA0FBE}.CD_ROM|Any CPU.ActiveCfg = Release|Any CPU
		{EB027E68-D9CE-4828-91F6-598726AA0FBE}.CD_ROM|Any CPU.Build.0 = Release|Any CPU
		{EB027E68-D9CE-4828-91F6-598726AA0FBE}.CD_ROM|Itanium.ActiveCfg = Release|Any CPU
		{EB027E68-D9CE-4828-91F6-598726AA0FBE}.CD_ROM|Itanium.Build.0 = Release|Any CPU
		{EB027E68-D9CE-4828-91F6-598726AA0FBE}.CD_ROM|x64.ActiveCfg = Release|Any CPU
		{EB027E68-D9CE-4828-91F6-598726AA0FBE}.CD_ROM|x64.Build.0 = Release|Any CPU
		{EB027E68-D9CE-4828-91F6-598726AA0FBE}.CD_ROM|x86.ActiveCfg = Release|x86
		{EB027E68-D9CE-4828-91F6-598726AA0FBE}.CD_ROM|x86.Build.0 = Release|x86
		{EB027E68-D9CE-4828-91F6-598726AA0FBE}.Custom|Any CPU.ActiveCfg = Release|Any CPU
		{EB027E68-D9CE-4828-91F6-598726AA0FBE}.Custom|Any CPU.Build.0 = Release|Any CPU
		{EB027E68-D9CE-4828-91F6-598726AA0FBE}.Custom|Itanium.ActiveCfg = Release|Any CPU
		{EB027E68-D9CE-4828-91F6-598726AA0FBE}.Custom|Itanium.Build.0 = Release|Any CPU
		{EB027E68-D9CE-4828-91F6-598726AA0FBE}.Custom|x64.ActiveCfg = Release|Any CPU
		{EB027E68-D9CE-4828-91F6-598726AA0FBE}.Custom|x64.Build.0 = Release|Any CPU
		{EB027E68-D9CE-4828-91F6-598726AA0FBE}.Custom|x86.ActiveCfg = Release|x86
		{EB027E68-D9CE-4828-91F6-598726AA0FBE}.Custom|x86.Build.0 = Release|x86
		{EB027E68-D9CE-4828-91F6-598726AA0FBE}.Debug|Any CPU.ActiveCfg = Debug|Any CPU
		{EB027E68-D9CE-4828-91F6-598726AA0FBE}.Debug|Any CPU.Build.0 = Debug|Any CPU
		{EB027E68-D9CE-4828-91F6-598726AA0FBE}.Debug|Itanium.ActiveCfg = Debug|Any CPU
		{EB027E68-D9CE-4828-91F6-598726AA0FBE}.Debug|Itanium.Build.0 = Debug|Any CPU
		{EB027E68-D9CE-4828-91F6-598726AA0FBE}.Debug|x64.ActiveCfg = Debug|Any CPU
		{EB027E68-D9CE-4828-91F6-598726AA0FBE}.Debug|x64.Build.0 = Debug|Any CPU
		{EB027E68-D9CE-4828-91F6-598726AA0FBE}.Debug|x86.ActiveCfg = Debug|x86
		{EB027E68-D9CE-4828-91F6-598726AA0FBE}.Debug|x86.Build.0 = Debug|x86
		{EB027E68-D9CE-4828-91F6-598726AA0FBE}.DVD-10|Any CPU.ActiveCfg = Debug|Any CPU
		{EB027E68-D9CE-4828-91F6-598726AA0FBE}.DVD-10|Any CPU.Build.0 = Debug|Any CPU
		{EB027E68-D9CE-4828-91F6-598726AA0FBE}.DVD-10|Itanium.ActiveCfg = Debug|Any CPU
		{EB027E68-D9CE-4828-91F6-598726AA0FBE}.DVD-10|Itanium.Build.0 = Debug|Any CPU
		{EB027E68-D9CE-4828-91F6-598726AA0FBE}.DVD-10|x64.ActiveCfg = Debug|Any CPU
		{EB027E68-D9CE-4828-91F6-598726AA0FBE}.DVD-10|x64.Build.0 = Debug|Any CPU
		{EB027E68-D9CE-4828-91F6-598726AA0FBE}.DVD-10|x86.ActiveCfg = Debug|x86
		{EB027E68-D9CE-4828-91F6-598726AA0FBE}.DVD-10|x86.Build.0 = Debug|x86
		{EB027E68-D9CE-4828-91F6-598726AA0FBE}.DVD-18|Any CPU.ActiveCfg = Debug|Any CPU
		{EB027E68-D9CE-4828-91F6-598726AA0FBE}.DVD-18|Any CPU.Build.0 = Debug|Any CPU
		{EB027E68-D9CE-4828-91F6-598726AA0FBE}.DVD-18|Itanium.ActiveCfg = Debug|Any CPU
		{EB027E68-D9CE-4828-91F6-598726AA0FBE}.DVD-18|Itanium.Build.0 = Debug|Any CPU
		{EB027E68-D9CE-4828-91F6-598726AA0FBE}.DVD-18|x64.ActiveCfg = Debug|Any CPU
		{EB027E68-D9CE-4828-91F6-598726AA0FBE}.DVD-18|x64.Build.0 = Debug|Any CPU
		{EB027E68-D9CE-4828-91F6-598726AA0FBE}.DVD-18|x86.ActiveCfg = Debug|x86
		{EB027E68-D9CE-4828-91F6-598726AA0FBE}.DVD-18|x86.Build.0 = Debug|x86
		{EB027E68-D9CE-4828-91F6-598726AA0FBE}.DVD-5|Any CPU.ActiveCfg = Debug|Any CPU
		{EB027E68-D9CE-4828-91F6-598726AA0FBE}.DVD-5|Any CPU.Build.0 = Debug|Any CPU
		{EB027E68-D9CE-4828-91F6-598726AA0FBE}.DVD-5|Itanium.ActiveCfg = Debug|Any CPU
		{EB027E68-D9CE-4828-91F6-598726AA0FBE}.DVD-5|Itanium.Build.0 = Debug|Any CPU
		{EB027E68-D9CE-4828-91F6-598726AA0FBE}.DVD-5|x64.ActiveCfg = Debug|Any CPU
		{EB027E68-D9CE-4828-91F6-598726AA0FBE}.DVD-5|x64.Build.0 = Debug|Any CPU
		{EB027E68-D9CE-4828-91F6-598726AA0FBE}.DVD-5|x86.ActiveCfg = Debug|x86
		{EB027E68-D9CE-4828-91F6-598726AA0FBE}.DVD-5|x86.Build.0 = Debug|x86
		{EB027E68-D9CE-4828-91F6-598726AA0FBE}.DVD-9|Any CPU.ActiveCfg = Debug|Any CPU
		{EB027E68-D9CE-4828-91F6-598726AA0FBE}.DVD-9|Any CPU.Build.0 = Debug|Any CPU
		{EB027E68-D9CE-4828-91F6-598726AA0FBE}.DVD-9|Itanium.ActiveCfg = Debug|Any CPU
		{EB027E68-D9CE-4828-91F6-598726AA0FBE}.DVD-9|Itanium.Build.0 = Debug|Any CPU
		{EB027E68-D9CE-4828-91F6-598726AA0FBE}.DVD-9|x64.ActiveCfg = Debug|Any CPU
		{EB027E68-D9CE-4828-91F6-598726AA0FBE}.DVD-9|x64.Build.0 = Debug|Any CPU
		{EB027E68-D9CE-4828-91F6-598726AA0FBE}.DVD-9|x86.ActiveCfg = Debug|x86
		{EB027E68-D9CE-4828-91F6-598726AA0FBE}.DVD-9|x86.Build.0 = Debug|x86
		{EB027E68-D9CE-4828-91F6-598726AA0FBE}.Release|Any CPU.ActiveCfg = Release|Any CPU
		{EB027E68-D9CE-4828-91F6-598726AA0FBE}.Release|Any CPU.Build.0 = Release|Any CPU
		{EB027E68-D9CE-4828-91F6-598726AA0FBE}.Release|Itanium.ActiveCfg = Release|Any CPU
		{EB027E68-D9CE-4828-91F6-598726AA0FBE}.Release|Itanium.Build.0 = Release|Any CPU
		{EB027E68-D9CE-4828-91F6-598726AA0FBE}.Release|x64.ActiveCfg = Release|Any CPU
		{EB027E68-D9CE-4828-91F6-598726AA0FBE}.Release|x64.Build.0 = Release|Any CPU
		{EB027E68-D9CE-4828-91F6-598726AA0FBE}.Release|x86.ActiveCfg = Release|x86
		{EB027E68-D9CE-4828-91F6-598726AA0FBE}.Release|x86.Build.0 = Release|x86
		{EB027E68-D9CE-4828-91F6-598726AA0FBE}.SingleImage|Any CPU.ActiveCfg = Release|Any CPU
		{EB027E68-D9CE-4828-91F6-598726AA0FBE}.SingleImage|Any CPU.Build.0 = Release|Any CPU
		{EB027E68-D9CE-4828-91F6-598726AA0FBE}.SingleImage|Itanium.ActiveCfg = Release|Any CPU
		{EB027E68-D9CE-4828-91F6-598726AA0FBE}.SingleImage|Itanium.Build.0 = Release|Any CPU
		{EB027E68-D9CE-4828-91F6-598726AA0FBE}.SingleImage|x64.ActiveCfg = Release|Any CPU
		{EB027E68-D9CE-4828-91F6-598726AA0FBE}.SingleImage|x64.Build.0 = Release|Any CPU
		{EB027E68-D9CE-4828-91F6-598726AA0FBE}.SingleImage|x86.ActiveCfg = Release|x86
		{EB027E68-D9CE-4828-91F6-598726AA0FBE}.SingleImage|x86.Build.0 = Release|x86
		{EB027E68-D9CE-4828-91F6-598726AA0FBE}.WebDeployment|Any CPU.ActiveCfg = Release|Any CPU
		{EB027E68-D9CE-4828-91F6-598726AA0FBE}.WebDeployment|Any CPU.Build.0 = Release|Any CPU
		{EB027E68-D9CE-4828-91F6-598726AA0FBE}.WebDeployment|Itanium.ActiveCfg = Release|Any CPU
		{EB027E68-D9CE-4828-91F6-598726AA0FBE}.WebDeployment|Itanium.Build.0 = Release|Any CPU
		{EB027E68-D9CE-4828-91F6-598726AA0FBE}.WebDeployment|x64.ActiveCfg = Release|Any CPU
		{EB027E68-D9CE-4828-91F6-598726AA0FBE}.WebDeployment|x64.Build.0 = Release|Any CPU
		{EB027E68-D9CE-4828-91F6-598726AA0FBE}.WebDeployment|x86.ActiveCfg = Release|x86
		{EB027E68-D9CE-4828-91F6-598726AA0FBE}.WebDeployment|x86.Build.0 = Release|x86
		{0D613868-A2E1-4F54-A066-CF6A0535AF2E}.CD_ROM|Any CPU.ActiveCfg = Release|Any CPU
		{0D613868-A2E1-4F54-A066-CF6A0535AF2E}.CD_ROM|Any CPU.Build.0 = Release|Any CPU
		{0D613868-A2E1-4F54-A066-CF6A0535AF2E}.CD_ROM|Itanium.ActiveCfg = Release|Any CPU
		{0D613868-A2E1-4F54-A066-CF6A0535AF2E}.CD_ROM|Itanium.Build.0 = Release|Any CPU
		{0D613868-A2E1-4F54-A066-CF6A0535AF2E}.CD_ROM|x64.ActiveCfg = Release|Any CPU
		{0D613868-A2E1-4F54-A066-CF6A0535AF2E}.CD_ROM|x64.Build.0 = Release|Any CPU
		{0D613868-A2E1-4F54-A066-CF6A0535AF2E}.CD_ROM|x86.ActiveCfg = Release|Any CPU
		{0D613868-A2E1-4F54-A066-CF6A0535AF2E}.CD_ROM|x86.Build.0 = Release|Any CPU
		{0D613868-A2E1-4F54-A066-CF6A0535AF2E}.Custom|Any CPU.ActiveCfg = Release|Any CPU
		{0D613868-A2E1-4F54-A066-CF6A0535AF2E}.Custom|Any CPU.Build.0 = Release|Any CPU
		{0D613868-A2E1-4F54-A066-CF6A0535AF2E}.Custom|Itanium.ActiveCfg = Release|Any CPU
		{0D613868-A2E1-4F54-A066-CF6A0535AF2E}.Custom|Itanium.Build.0 = Release|Any CPU
		{0D613868-A2E1-4F54-A066-CF6A0535AF2E}.Custom|x64.ActiveCfg = Release|Any CPU
		{0D613868-A2E1-4F54-A066-CF6A0535AF2E}.Custom|x64.Build.0 = Release|Any CPU
		{0D613868-A2E1-4F54-A066-CF6A0535AF2E}.Custom|x86.ActiveCfg = Release|Any CPU
		{0D613868-A2E1-4F54-A066-CF6A0535AF2E}.Custom|x86.Build.0 = Release|Any CPU
		{0D613868-A2E1-4F54-A066-CF6A0535AF2E}.Debug|Any CPU.ActiveCfg = Debug|Any CPU
		{0D613868-A2E1-4F54-A066-CF6A0535AF2E}.Debug|Any CPU.Build.0 = Debug|Any CPU
		{0D613868-A2E1-4F54-A066-CF6A0535AF2E}.Debug|Itanium.ActiveCfg = Debug|Any CPU
		{0D613868-A2E1-4F54-A066-CF6A0535AF2E}.Debug|Itanium.Build.0 = Debug|Any CPU
		{0D613868-A2E1-4F54-A066-CF6A0535AF2E}.Debug|x64.ActiveCfg = Debug|Any CPU
		{0D613868-A2E1-4F54-A066-CF6A0535AF2E}.Debug|x64.Build.0 = Debug|Any CPU
		{0D613868-A2E1-4F54-A066-CF6A0535AF2E}.Debug|x86.ActiveCfg = Debug|Any CPU
		{0D613868-A2E1-4F54-A066-CF6A0535AF2E}.Debug|x86.Build.0 = Debug|Any CPU
		{0D613868-A2E1-4F54-A066-CF6A0535AF2E}.DVD-10|Any CPU.ActiveCfg = Debug|Any CPU
		{0D613868-A2E1-4F54-A066-CF6A0535AF2E}.DVD-10|Any CPU.Build.0 = Debug|Any CPU
		{0D613868-A2E1-4F54-A066-CF6A0535AF2E}.DVD-10|Itanium.ActiveCfg = Debug|Any CPU
		{0D613868-A2E1-4F54-A066-CF6A0535AF2E}.DVD-10|Itanium.Build.0 = Debug|Any CPU
		{0D613868-A2E1-4F54-A066-CF6A0535AF2E}.DVD-10|x64.ActiveCfg = Debug|Any CPU
		{0D613868-A2E1-4F54-A066-CF6A0535AF2E}.DVD-10|x64.Build.0 = Debug|Any CPU
		{0D613868-A2E1-4F54-A066-CF6A0535AF2E}.DVD-10|x86.ActiveCfg = Debug|Any CPU
		{0D613868-A2E1-4F54-A066-CF6A0535AF2E}.DVD-10|x86.Build.0 = Debug|Any CPU
		{0D613868-A2E1-4F54-A066-CF6A0535AF2E}.DVD-18|Any CPU.ActiveCfg = Debug|Any CPU
		{0D613868-A2E1-4F54-A066-CF6A0535AF2E}.DVD-18|Any CPU.Build.0 = Debug|Any CPU
		{0D613868-A2E1-4F54-A066-CF6A0535AF2E}.DVD-18|Itanium.ActiveCfg = Debug|Any CPU
		{0D613868-A2E1-4F54-A066-CF6A0535AF2E}.DVD-18|Itanium.Build.0 = Debug|Any CPU
		{0D613868-A2E1-4F54-A066-CF6A0535AF2E}.DVD-18|x64.ActiveCfg = Debug|Any CPU
		{0D613868-A2E1-4F54-A066-CF6A0535AF2E}.DVD-18|x64.Build.0 = Debug|Any CPU
		{0D613868-A2E1-4F54-A066-CF6A0535AF2E}.DVD-18|x86.ActiveCfg = Debug|Any CPU
		{0D613868-A2E1-4F54-A066-CF6A0535AF2E}.DVD-18|x86.Build.0 = Debug|Any CPU
		{0D613868-A2E1-4F54-A066-CF6A0535AF2E}.DVD-5|Any CPU.ActiveCfg = Debug|Any CPU
		{0D613868-A2E1-4F54-A066-CF6A0535AF2E}.DVD-5|Any CPU.Build.0 = Debug|Any CPU
		{0D613868-A2E1-4F54-A066-CF6A0535AF2E}.DVD-5|Itanium.ActiveCfg = Debug|Any CPU
		{0D613868-A2E1-4F54-A066-CF6A0535AF2E}.DVD-5|Itanium.Build.0 = Debug|Any CPU
		{0D613868-A2E1-4F54-A066-CF6A0535AF2E}.DVD-5|x64.ActiveCfg = Debug|Any CPU
		{0D613868-A2E1-4F54-A066-CF6A0535AF2E}.DVD-5|x64.Build.0 = Debug|Any CPU
		{0D613868-A2E1-4F54-A066-CF6A0535AF2E}.DVD-5|x86.ActiveCfg = Debug|Any CPU
		{0D613868-A2E1-4F54-A066-CF6A0535AF2E}.DVD-5|x86.Build.0 = Debug|Any CPU
		{0D613868-A2E1-4F54-A066-CF6A0535AF2E}.DVD-9|Any CPU.ActiveCfg = Debug|Any CPU
		{0D613868-A2E1-4F54-A066-CF6A0535AF2E}.DVD-9|Any CPU.Build.0 = Debug|Any CPU
		{0D613868-A2E1-4F54-A066-CF6A0535AF2E}.DVD-9|Itanium.ActiveCfg = Debug|Any CPU
		{0D613868-A2E1-4F54-A066-CF6A0535AF2E}.DVD-9|Itanium.Build.0 = Debug|Any CPU
		{0D613868-A2E1-4F54-A066-CF6A0535AF2E}.DVD-9|x64.ActiveCfg = Debug|Any CPU
		{0D613868-A2E1-4F54-A066-CF6A0535AF2E}.DVD-9|x64.Build.0 = Debug|Any CPU
		{0D613868-A2E1-4F54-A066-CF6A0535AF2E}.DVD-9|x86.ActiveCfg = Debug|Any CPU
		{0D613868-A2E1-4F54-A066-CF6A0535AF2E}.DVD-9|x86.Build.0 = Debug|Any CPU
		{0D613868-A2E1-4F54-A066-CF6A0535AF2E}.Release|Any CPU.ActiveCfg = Release|Any CPU
		{0D613868-A2E1-4F54-A066-CF6A0535AF2E}.Release|Any CPU.Build.0 = Release|Any CPU
		{0D613868-A2E1-4F54-A066-CF6A0535AF2E}.Release|Itanium.ActiveCfg = Release|Any CPU
		{0D613868-A2E1-4F54-A066-CF6A0535AF2E}.Release|Itanium.Build.0 = Release|Any CPU
		{0D613868-A2E1-4F54-A066-CF6A0535AF2E}.Release|x64.ActiveCfg = Release|Any CPU
		{0D613868-A2E1-4F54-A066-CF6A0535AF2E}.Release|x64.Build.0 = Release|Any CPU
		{0D613868-A2E1-4F54-A066-CF6A0535AF2E}.Release|x86.ActiveCfg = Release|Any CPU
		{0D613868-A2E1-4F54-A066-CF6A0535AF2E}.Release|x86.Build.0 = Release|Any CPU
		{0D613868-A2E1-4F54-A066-CF6A0535AF2E}.SingleImage|Any CPU.ActiveCfg = Release|Any CPU
		{0D613868-A2E1-4F54-A066-CF6A0535AF2E}.SingleImage|Any CPU.Build.0 = Release|Any CPU
		{0D613868-A2E1-4F54-A066-CF6A0535AF2E}.SingleImage|Itanium.ActiveCfg = Release|Any CPU
		{0D613868-A2E1-4F54-A066-CF6A0535AF2E}.SingleImage|Itanium.Build.0 = Release|Any CPU
		{0D613868-A2E1-4F54-A066-CF6A0535AF2E}.SingleImage|x64.ActiveCfg = Release|Any CPU
		{0D613868-A2E1-4F54-A066-CF6A0535AF2E}.SingleImage|x64.Build.0 = Release|Any CPU
		{0D613868-A2E1-4F54-A066-CF6A0535AF2E}.SingleImage|x86.ActiveCfg = Release|Any CPU
		{0D613868-A2E1-4F54-A066-CF6A0535AF2E}.SingleImage|x86.Build.0 = Release|Any CPU
		{0D613868-A2E1-4F54-A066-CF6A0535AF2E}.WebDeployment|Any CPU.ActiveCfg = Release|Any CPU
		{0D613868-A2E1-4F54-A066-CF6A0535AF2E}.WebDeployment|Any CPU.Build.0 = Release|Any CPU
		{0D613868-A2E1-4F54-A066-CF6A0535AF2E}.WebDeployment|Itanium.ActiveCfg = Release|Any CPU
		{0D613868-A2E1-4F54-A066-CF6A0535AF2E}.WebDeployment|Itanium.Build.0 = Release|Any CPU
		{0D613868-A2E1-4F54-A066-CF6A0535AF2E}.WebDeployment|x64.ActiveCfg = Release|Any CPU
		{0D613868-A2E1-4F54-A066-CF6A0535AF2E}.WebDeployment|x64.Build.0 = Release|Any CPU
		{0D613868-A2E1-4F54-A066-CF6A0535AF2E}.WebDeployment|x86.ActiveCfg = Release|Any CPU
		{0D613868-A2E1-4F54-A066-CF6A0535AF2E}.WebDeployment|x86.Build.0 = Release|Any CPU
		{1499A0D6-01AD-4B35-897F-E04E341EE0B3}.CD_ROM|Any CPU.ActiveCfg = Release|Any CPU
		{1499A0D6-01AD-4B35-897F-E04E341EE0B3}.CD_ROM|Any CPU.Build.0 = Release|Any CPU
		{1499A0D6-01AD-4B35-897F-E04E341EE0B3}.CD_ROM|Itanium.ActiveCfg = Release|Any CPU
		{1499A0D6-01AD-4B35-897F-E04E341EE0B3}.CD_ROM|Itanium.Build.0 = Release|Any CPU
		{1499A0D6-01AD-4B35-897F-E04E341EE0B3}.CD_ROM|x64.ActiveCfg = Release|Any CPU
		{1499A0D6-01AD-4B35-897F-E04E341EE0B3}.CD_ROM|x64.Build.0 = Release|Any CPU
		{1499A0D6-01AD-4B35-897F-E04E341EE0B3}.CD_ROM|x86.ActiveCfg = Release|Any CPU
		{1499A0D6-01AD-4B35-897F-E04E341EE0B3}.CD_ROM|x86.Build.0 = Release|Any CPU
		{1499A0D6-01AD-4B35-897F-E04E341EE0B3}.Custom|Any CPU.ActiveCfg = Release|Any CPU
		{1499A0D6-01AD-4B35-897F-E04E341EE0B3}.Custom|Any CPU.Build.0 = Release|Any CPU
		{1499A0D6-01AD-4B35-897F-E04E341EE0B3}.Custom|Itanium.ActiveCfg = Release|Any CPU
		{1499A0D6-01AD-4B35-897F-E04E341EE0B3}.Custom|Itanium.Build.0 = Release|Any CPU
		{1499A0D6-01AD-4B35-897F-E04E341EE0B3}.Custom|x64.ActiveCfg = Release|Any CPU
		{1499A0D6-01AD-4B35-897F-E04E341EE0B3}.Custom|x64.Build.0 = Release|Any CPU
		{1499A0D6-01AD-4B35-897F-E04E341EE0B3}.Custom|x86.ActiveCfg = Release|Any CPU
		{1499A0D6-01AD-4B35-897F-E04E341EE0B3}.Custom|x86.Build.0 = Release|Any CPU
		{1499A0D6-01AD-4B35-897F-E04E341EE0B3}.Debug|Any CPU.ActiveCfg = Debug|Any CPU
		{1499A0D6-01AD-4B35-897F-E04E341EE0B3}.Debug|Any CPU.Build.0 = Debug|Any CPU
		{1499A0D6-01AD-4B35-897F-E04E341EE0B3}.Debug|Itanium.ActiveCfg = Debug|Any CPU
		{1499A0D6-01AD-4B35-897F-E04E341EE0B3}.Debug|Itanium.Build.0 = Debug|Any CPU
		{1499A0D6-01AD-4B35-897F-E04E341EE0B3}.Debug|x64.ActiveCfg = Debug|Any CPU
		{1499A0D6-01AD-4B35-897F-E04E341EE0B3}.Debug|x64.Build.0 = Debug|Any CPU
		{1499A0D6-01AD-4B35-897F-E04E341EE0B3}.Debug|x86.ActiveCfg = Debug|Any CPU
		{1499A0D6-01AD-4B35-897F-E04E341EE0B3}.Debug|x86.Build.0 = Debug|Any CPU
		{1499A0D6-01AD-4B35-897F-E04E341EE0B3}.DVD-10|Any CPU.ActiveCfg = Debug|Any CPU
		{1499A0D6-01AD-4B35-897F-E04E341EE0B3}.DVD-10|Any CPU.Build.0 = Debug|Any CPU
		{1499A0D6-01AD-4B35-897F-E04E341EE0B3}.DVD-10|Itanium.ActiveCfg = Debug|Any CPU
		{1499A0D6-01AD-4B35-897F-E04E341EE0B3}.DVD-10|Itanium.Build.0 = Debug|Any CPU
		{1499A0D6-01AD-4B35-897F-E04E341EE0B3}.DVD-10|x64.ActiveCfg = Debug|Any CPU
		{1499A0D6-01AD-4B35-897F-E04E341EE0B3}.DVD-10|x64.Build.0 = Debug|Any CPU
		{1499A0D6-01AD-4B35-897F-E04E341EE0B3}.DVD-10|x86.ActiveCfg = Debug|Any CPU
		{1499A0D6-01AD-4B35-897F-E04E341EE0B3}.DVD-10|x86.Build.0 = Debug|Any CPU
		{1499A0D6-01AD-4B35-897F-E04E341EE0B3}.DVD-18|Any CPU.ActiveCfg = Debug|Any CPU
		{1499A0D6-01AD-4B35-897F-E04E341EE0B3}.DVD-18|Any CPU.Build.0 = Debug|Any CPU
		{1499A0D6-01AD-4B35-897F-E04E341EE0B3}.DVD-18|Itanium.ActiveCfg = Debug|Any CPU
		{1499A0D6-01AD-4B35-897F-E04E341EE0B3}.DVD-18|Itanium.Build.0 = Debug|Any CPU
		{1499A0D6-01AD-4B35-897F-E04E341EE0B3}.DVD-18|x64.ActiveCfg = Debug|Any CPU
		{1499A0D6-01AD-4B35-897F-E04E341EE0B3}.DVD-18|x64.Build.0 = Debug|Any CPU
		{1499A0D6-01AD-4B35-897F-E04E341EE0B3}.DVD-18|x86.ActiveCfg = Debug|Any CPU
		{1499A0D6-01AD-4B35-897F-E04E341EE0B3}.DVD-18|x86.Build.0 = Debug|Any CPU
		{1499A0D6-01AD-4B35-897F-E04E341EE0B3}.DVD-5|Any CPU.ActiveCfg = Debug|Any CPU
		{1499A0D6-01AD-4B35-897F-E04E341EE0B3}.DVD-5|Any CPU.Build.0 = Debug|Any CPU
		{1499A0D6-01AD-4B35-897F-E04E341EE0B3}.DVD-5|Itanium.ActiveCfg = Debug|Any CPU
		{1499A0D6-01AD-4B35-897F-E04E341EE0B3}.DVD-5|Itanium.Build.0 = Debug|Any CPU
		{1499A0D6-01AD-4B35-897F-E04E341EE0B3}.DVD-5|x64.ActiveCfg = Debug|Any CPU
		{1499A0D6-01AD-4B35-897F-E04E341EE0B3}.DVD-5|x64.Build.0 = Debug|Any CPU
		{1499A0D6-01AD-4B35-897F-E04E341EE0B3}.DVD-5|x86.ActiveCfg = Debug|Any CPU
		{1499A0D6-01AD-4B35-897F-E04E341EE0B3}.DVD-5|x86.Build.0 = Debug|Any CPU
		{1499A0D6-01AD-4B35-897F-E04E341EE0B3}.DVD-9|Any CPU.ActiveCfg = Debug|Any CPU
		{1499A0D6-01AD-4B35-897F-E04E341EE0B3}.DVD-9|Any CPU.Build.0 = Debug|Any CPU
		{1499A0D6-01AD-4B35-897F-E04E341EE0B3}.DVD-9|Itanium.ActiveCfg = Debug|Any CPU
		{1499A0D6-01AD-4B35-897F-E04E341EE0B3}.DVD-9|Itanium.Build.0 = Debug|Any CPU
		{1499A0D6-01AD-4B35-897F-E04E341EE0B3}.DVD-9|x64.ActiveCfg = Debug|Any CPU
		{1499A0D6-01AD-4B35-897F-E04E341EE0B3}.DVD-9|x64.Build.0 = Debug|Any CPU
		{1499A0D6-01AD-4B35-897F-E04E341EE0B3}.DVD-9|x86.ActiveCfg = Debug|Any CPU
		{1499A0D6-01AD-4B35-897F-E04E341EE0B3}.DVD-9|x86.Build.0 = Debug|Any CPU
		{1499A0D6-01AD-4B35-897F-E04E341EE0B3}.Release|Any CPU.ActiveCfg = Release|Any CPU
		{1499A0D6-01AD-4B35-897F-E04E341EE0B3}.Release|Any CPU.Build.0 = Release|Any CPU
		{1499A0D6-01AD-4B35-897F-E04E341EE0B3}.Release|Itanium.ActiveCfg = Release|Any CPU
		{1499A0D6-01AD-4B35-897F-E04E341EE0B3}.Release|Itanium.Build.0 = Release|Any CPU
		{1499A0D6-01AD-4B35-897F-E04E341EE0B3}.Release|x64.ActiveCfg = Release|Any CPU
		{1499A0D6-01AD-4B35-897F-E04E341EE0B3}.Release|x64.Build.0 = Release|Any CPU
		{1499A0D6-01AD-4B35-897F-E04E341EE0B3}.Release|x86.ActiveCfg = Release|Any CPU
		{1499A0D6-01AD-4B35-897F-E04E341EE0B3}.Release|x86.Build.0 = Release|Any CPU
		{1499A0D6-01AD-4B35-897F-E04E341EE0B3}.SingleImage|Any CPU.ActiveCfg = Release|Any CPU
		{1499A0D6-01AD-4B35-897F-E04E341EE0B3}.SingleImage|Any CPU.Build.0 = Release|Any CPU
		{1499A0D6-01AD-4B35-897F-E04E341EE0B3}.SingleImage|Itanium.ActiveCfg = Release|Any CPU
		{1499A0D6-01AD-4B35-897F-E04E341EE0B3}.SingleImage|Itanium.Build.0 = Release|Any CPU
		{1499A0D6-01AD-4B35-897F-E04E341EE0B3}.SingleImage|x64.ActiveCfg = Release|Any CPU
		{1499A0D6-01AD-4B35-897F-E04E341EE0B3}.SingleImage|x64.Build.0 = Release|Any CPU
		{1499A0D6-01AD-4B35-897F-E04E341EE0B3}.SingleImage|x86.ActiveCfg = Release|Any CPU
		{1499A0D6-01AD-4B35-897F-E04E341EE0B3}.SingleImage|x86.Build.0 = Release|Any CPU
		{1499A0D6-01AD-4B35-897F-E04E341EE0B3}.WebDeployment|Any CPU.ActiveCfg = Release|Any CPU
		{1499A0D6-01AD-4B35-897F-E04E341EE0B3}.WebDeployment|Any CPU.Build.0 = Release|Any CPU
		{1499A0D6-01AD-4B35-897F-E04E341EE0B3}.WebDeployment|Itanium.ActiveCfg = Release|Any CPU
		{1499A0D6-01AD-4B35-897F-E04E341EE0B3}.WebDeployment|Itanium.Build.0 = Release|Any CPU
		{1499A0D6-01AD-4B35-897F-E04E341EE0B3}.WebDeployment|x64.ActiveCfg = Release|Any CPU
		{1499A0D6-01AD-4B35-897F-E04E341EE0B3}.WebDeployment|x64.Build.0 = Release|Any CPU
		{1499A0D6-01AD-4B35-897F-E04E341EE0B3}.WebDeployment|x86.ActiveCfg = Release|Any CPU
		{1499A0D6-01AD-4B35-897F-E04E341EE0B3}.WebDeployment|x86.Build.0 = Release|Any CPU
		{51AB659E-981D-453E-8C08-6976319C66DB}.CD_ROM|Any CPU.ActiveCfg = Release|Any CPU
		{51AB659E-981D-453E-8C08-6976319C66DB}.CD_ROM|Any CPU.Build.0 = Release|Any CPU
		{51AB659E-981D-453E-8C08-6976319C66DB}.CD_ROM|Itanium.ActiveCfg = Release|Any CPU
		{51AB659E-981D-453E-8C08-6976319C66DB}.CD_ROM|Itanium.Build.0 = Release|Any CPU
		{51AB659E-981D-453E-8C08-6976319C66DB}.CD_ROM|x64.ActiveCfg = Release|Any CPU
		{51AB659E-981D-453E-8C08-6976319C66DB}.CD_ROM|x64.Build.0 = Release|Any CPU
		{51AB659E-981D-453E-8C08-6976319C66DB}.CD_ROM|x86.ActiveCfg = Release|Any CPU
		{51AB659E-981D-453E-8C08-6976319C66DB}.CD_ROM|x86.Build.0 = Release|Any CPU
		{51AB659E-981D-453E-8C08-6976319C66DB}.Custom|Any CPU.ActiveCfg = Release|Any CPU
		{51AB659E-981D-453E-8C08-6976319C66DB}.Custom|Any CPU.Build.0 = Release|Any CPU
		{51AB659E-981D-453E-8C08-6976319C66DB}.Custom|Itanium.ActiveCfg = Release|Any CPU
		{51AB659E-981D-453E-8C08-6976319C66DB}.Custom|Itanium.Build.0 = Release|Any CPU
		{51AB659E-981D-453E-8C08-6976319C66DB}.Custom|x64.ActiveCfg = Release|Any CPU
		{51AB659E-981D-453E-8C08-6976319C66DB}.Custom|x64.Build.0 = Release|Any CPU
		{51AB659E-981D-453E-8C08-6976319C66DB}.Custom|x86.ActiveCfg = Release|Any CPU
		{51AB659E-981D-453E-8C08-6976319C66DB}.Custom|x86.Build.0 = Release|Any CPU
		{51AB659E-981D-453E-8C08-6976319C66DB}.Debug|Any CPU.ActiveCfg = Debug|Any CPU
		{51AB659E-981D-453E-8C08-6976319C66DB}.Debug|Itanium.ActiveCfg = Debug|Any CPU
		{51AB659E-981D-453E-8C08-6976319C66DB}.Debug|Itanium.Build.0 = Debug|Any CPU
		{51AB659E-981D-453E-8C08-6976319C66DB}.Debug|x64.ActiveCfg = Debug|Any CPU
		{51AB659E-981D-453E-8C08-6976319C66DB}.Debug|x64.Build.0 = Debug|Any CPU
		{51AB659E-981D-453E-8C08-6976319C66DB}.Debug|x86.ActiveCfg = Debug|Any CPU
		{51AB659E-981D-453E-8C08-6976319C66DB}.Debug|x86.Build.0 = Debug|Any CPU
		{51AB659E-981D-453E-8C08-6976319C66DB}.DVD-10|Any CPU.ActiveCfg = Debug|Any CPU
		{51AB659E-981D-453E-8C08-6976319C66DB}.DVD-10|Any CPU.Build.0 = Debug|Any CPU
		{51AB659E-981D-453E-8C08-6976319C66DB}.DVD-10|Itanium.ActiveCfg = Debug|Any CPU
		{51AB659E-981D-453E-8C08-6976319C66DB}.DVD-10|Itanium.Build.0 = Debug|Any CPU
		{51AB659E-981D-453E-8C08-6976319C66DB}.DVD-10|x64.ActiveCfg = Debug|Any CPU
		{51AB659E-981D-453E-8C08-6976319C66DB}.DVD-10|x64.Build.0 = Debug|Any CPU
		{51AB659E-981D-453E-8C08-6976319C66DB}.DVD-10|x86.ActiveCfg = Debug|Any CPU
		{51AB659E-981D-453E-8C08-6976319C66DB}.DVD-10|x86.Build.0 = Debug|Any CPU
		{51AB659E-981D-453E-8C08-6976319C66DB}.DVD-18|Any CPU.ActiveCfg = Debug|Any CPU
		{51AB659E-981D-453E-8C08-6976319C66DB}.DVD-18|Any CPU.Build.0 = Debug|Any CPU
		{51AB659E-981D-453E-8C08-6976319C66DB}.DVD-18|Itanium.ActiveCfg = Debug|Any CPU
		{51AB659E-981D-453E-8C08-6976319C66DB}.DVD-18|Itanium.Build.0 = Debug|Any CPU
		{51AB659E-981D-453E-8C08-6976319C66DB}.DVD-18|x64.ActiveCfg = Debug|Any CPU
		{51AB659E-981D-453E-8C08-6976319C66DB}.DVD-18|x64.Build.0 = Debug|Any CPU
		{51AB659E-981D-453E-8C08-6976319C66DB}.DVD-18|x86.ActiveCfg = Debug|Any CPU
		{51AB659E-981D-453E-8C08-6976319C66DB}.DVD-18|x86.Build.0 = Debug|Any CPU
		{51AB659E-981D-453E-8C08-6976319C66DB}.DVD-5|Any CPU.ActiveCfg = Debug|Any CPU
		{51AB659E-981D-453E-8C08-6976319C66DB}.DVD-5|Any CPU.Build.0 = Debug|Any CPU
		{51AB659E-981D-453E-8C08-6976319C66DB}.DVD-5|Itanium.ActiveCfg = Debug|Any CPU
		{51AB659E-981D-453E-8C08-6976319C66DB}.DVD-5|Itanium.Build.0 = Debug|Any CPU
		{51AB659E-981D-453E-8C08-6976319C66DB}.DVD-5|x64.ActiveCfg = Debug|Any CPU
		{51AB659E-981D-453E-8C08-6976319C66DB}.DVD-5|x64.Build.0 = Debug|Any CPU
		{51AB659E-981D-453E-8C08-6976319C66DB}.DVD-5|x86.ActiveCfg = Debug|Any CPU
		{51AB659E-981D-453E-8C08-6976319C66DB}.DVD-5|x86.Build.0 = Debug|Any CPU
		{51AB659E-981D-453E-8C08-6976319C66DB}.DVD-9|Any CPU.ActiveCfg = Debug|Any CPU
		{51AB659E-981D-453E-8C08-6976319C66DB}.DVD-9|Any CPU.Build.0 = Debug|Any CPU
		{51AB659E-981D-453E-8C08-6976319C66DB}.DVD-9|Itanium.ActiveCfg = Debug|Any CPU
		{51AB659E-981D-453E-8C08-6976319C66DB}.DVD-9|Itanium.Build.0 = Debug|Any CPU
		{51AB659E-981D-453E-8C08-6976319C66DB}.DVD-9|x64.ActiveCfg = Debug|Any CPU
		{51AB659E-981D-453E-8C08-6976319C66DB}.DVD-9|x64.Build.0 = Debug|Any CPU
		{51AB659E-981D-453E-8C08-6976319C66DB}.DVD-9|x86.ActiveCfg = Debug|Any CPU
		{51AB659E-981D-453E-8C08-6976319C66DB}.DVD-9|x86.Build.0 = Debug|Any CPU
		{51AB659E-981D-453E-8C08-6976319C66DB}.Release|Any CPU.ActiveCfg = Release|Any CPU
		{51AB659E-981D-453E-8C08-6976319C66DB}.Release|Any CPU.Build.0 = Release|Any CPU
		{51AB659E-981D-453E-8C08-6976319C66DB}.Release|Itanium.ActiveCfg = Release|Any CPU
		{51AB659E-981D-453E-8C08-6976319C66DB}.Release|Itanium.Build.0 = Release|Any CPU
		{51AB659E-981D-453E-8C08-6976319C66DB}.Release|x64.ActiveCfg = Release|Any CPU
		{51AB659E-981D-453E-8C08-6976319C66DB}.Release|x64.Build.0 = Release|Any CPU
		{51AB659E-981D-453E-8C08-6976319C66DB}.Release|x86.ActiveCfg = Release|Any CPU
		{51AB659E-981D-453E-8C08-6976319C66DB}.Release|x86.Build.0 = Release|Any CPU
		{51AB659E-981D-453E-8C08-6976319C66DB}.SingleImage|Any CPU.ActiveCfg = Release|Any CPU
		{51AB659E-981D-453E-8C08-6976319C66DB}.SingleImage|Any CPU.Build.0 = Release|Any CPU
		{51AB659E-981D-453E-8C08-6976319C66DB}.SingleImage|Itanium.ActiveCfg = Release|Any CPU
		{51AB659E-981D-453E-8C08-6976319C66DB}.SingleImage|Itanium.Build.0 = Release|Any CPU
		{51AB659E-981D-453E-8C08-6976319C66DB}.SingleImage|x64.ActiveCfg = Release|Any CPU
		{51AB659E-981D-453E-8C08-6976319C66DB}.SingleImage|x64.Build.0 = Release|Any CPU
		{51AB659E-981D-453E-8C08-6976319C66DB}.SingleImage|x86.ActiveCfg = Release|Any CPU
		{51AB659E-981D-453E-8C08-6976319C66DB}.SingleImage|x86.Build.0 = Release|Any CPU
		{51AB659E-981D-453E-8C08-6976319C66DB}.WebDeployment|Any CPU.ActiveCfg = Release|Any CPU
		{51AB659E-981D-453E-8C08-6976319C66DB}.WebDeployment|Any CPU.Build.0 = Release|Any CPU
		{51AB659E-981D-453E-8C08-6976319C66DB}.WebDeployment|Itanium.ActiveCfg = Release|Any CPU
		{51AB659E-981D-453E-8C08-6976319C66DB}.WebDeployment|Itanium.Build.0 = Release|Any CPU
		{51AB659E-981D-453E-8C08-6976319C66DB}.WebDeployment|x64.ActiveCfg = Release|Any CPU
		{51AB659E-981D-453E-8C08-6976319C66DB}.WebDeployment|x64.Build.0 = Release|Any CPU
		{51AB659E-981D-453E-8C08-6976319C66DB}.WebDeployment|x86.ActiveCfg = Release|Any CPU
		{51AB659E-981D-453E-8C08-6976319C66DB}.WebDeployment|x86.Build.0 = Release|Any CPU
		{E518D97E-F412-4E58-9E93-8C6284D47923}.CD_ROM|Any CPU.ActiveCfg = Release
		{E518D97E-F412-4E58-9E93-8C6284D47923}.CD_ROM|Any CPU.Build.0 = Release
		{E518D97E-F412-4E58-9E93-8C6284D47923}.CD_ROM|Itanium.ActiveCfg = Release
		{E518D97E-F412-4E58-9E93-8C6284D47923}.CD_ROM|Itanium.Build.0 = Release
		{E518D97E-F412-4E58-9E93-8C6284D47923}.CD_ROM|x64.ActiveCfg = Release
		{E518D97E-F412-4E58-9E93-8C6284D47923}.CD_ROM|x64.Build.0 = Release
		{E518D97E-F412-4E58-9E93-8C6284D47923}.CD_ROM|x86.ActiveCfg = Release
		{E518D97E-F412-4E58-9E93-8C6284D47923}.CD_ROM|x86.Build.0 = Release
		{E518D97E-F412-4E58-9E93-8C6284D47923}.Custom|Any CPU.ActiveCfg = Release
		{E518D97E-F412-4E58-9E93-8C6284D47923}.Custom|Any CPU.Build.0 = Release
		{E518D97E-F412-4E58-9E93-8C6284D47923}.Custom|Itanium.ActiveCfg = Release
		{E518D97E-F412-4E58-9E93-8C6284D47923}.Custom|Itanium.Build.0 = Release
		{E518D97E-F412-4E58-9E93-8C6284D47923}.Custom|x64.ActiveCfg = Release
		{E518D97E-F412-4E58-9E93-8C6284D47923}.Custom|x64.Build.0 = Release
		{E518D97E-F412-4E58-9E93-8C6284D47923}.Custom|x86.ActiveCfg = Release
		{E518D97E-F412-4E58-9E93-8C6284D47923}.Custom|x86.Build.0 = Release
		{E518D97E-F412-4E58-9E93-8C6284D47923}.Debug|Any CPU.ActiveCfg = Debug
		{E518D97E-F412-4E58-9E93-8C6284D47923}.Debug|Itanium.ActiveCfg = Debug
		{E518D97E-F412-4E58-9E93-8C6284D47923}.Debug|Itanium.Build.0 = Debug
		{E518D97E-F412-4E58-9E93-8C6284D47923}.Debug|x64.ActiveCfg = Debug
		{E518D97E-F412-4E58-9E93-8C6284D47923}.Debug|x64.Build.0 = Debug
		{E518D97E-F412-4E58-9E93-8C6284D47923}.Debug|x86.ActiveCfg = Debug
		{E518D97E-F412-4E58-9E93-8C6284D47923}.Debug|x86.Build.0 = Debug
		{E518D97E-F412-4E58-9E93-8C6284D47923}.DVD-10|Any CPU.ActiveCfg = Debug
		{E518D97E-F412-4E58-9E93-8C6284D47923}.DVD-10|Any CPU.Build.0 = Debug
		{E518D97E-F412-4E58-9E93-8C6284D47923}.DVD-10|Itanium.ActiveCfg = Debug
		{E518D97E-F412-4E58-9E93-8C6284D47923}.DVD-10|Itanium.Build.0 = Debug
		{E518D97E-F412-4E58-9E93-8C6284D47923}.DVD-10|x64.ActiveCfg = Debug
		{E518D97E-F412-4E58-9E93-8C6284D47923}.DVD-10|x64.Build.0 = Debug
		{E518D97E-F412-4E58-9E93-8C6284D47923}.DVD-10|x86.ActiveCfg = Debug
		{E518D97E-F412-4E58-9E93-8C6284D47923}.DVD-10|x86.Build.0 = Debug
		{E518D97E-F412-4E58-9E93-8C6284D47923}.DVD-18|Any CPU.ActiveCfg = Debug
		{E518D97E-F412-4E58-9E93-8C6284D47923}.DVD-18|Any CPU.Build.0 = Debug
		{E518D97E-F412-4E58-9E93-8C6284D47923}.DVD-18|Itanium.ActiveCfg = Debug
		{E518D97E-F412-4E58-9E93-8C6284D47923}.DVD-18|Itanium.Build.0 = Debug
		{E518D97E-F412-4E58-9E93-8C6284D47923}.DVD-18|x64.ActiveCfg = Debug
		{E518D97E-F412-4E58-9E93-8C6284D47923}.DVD-18|x64.Build.0 = Debug
		{E518D97E-F412-4E58-9E93-8C6284D47923}.DVD-18|x86.ActiveCfg = Debug
		{E518D97E-F412-4E58-9E93-8C6284D47923}.DVD-18|x86.Build.0 = Debug
		{E518D97E-F412-4E58-9E93-8C6284D47923}.DVD-5|Any CPU.ActiveCfg = Debug
		{E518D97E-F412-4E58-9E93-8C6284D47923}.DVD-5|Any CPU.Build.0 = Debug
		{E518D97E-F412-4E58-9E93-8C6284D47923}.DVD-5|Itanium.ActiveCfg = Debug
		{E518D97E-F412-4E58-9E93-8C6284D47923}.DVD-5|Itanium.Build.0 = Debug
		{E518D97E-F412-4E58-9E93-8C6284D47923}.DVD-5|x64.ActiveCfg = Debug
		{E518D97E-F412-4E58-9E93-8C6284D47923}.DVD-5|x64.Build.0 = Debug
		{E518D97E-F412-4E58-9E93-8C6284D47923}.DVD-5|x86.ActiveCfg = Debug
		{E518D97E-F412-4E58-9E93-8C6284D47923}.DVD-5|x86.Build.0 = Debug
		{E518D97E-F412-4E58-9E93-8C6284D47923}.DVD-9|Any CPU.ActiveCfg = Debug
		{E518D97E-F412-4E58-9E93-8C6284D47923}.DVD-9|Any CPU.Build.0 = Debug
		{E518D97E-F412-4E58-9E93-8C6284D47923}.DVD-9|Itanium.ActiveCfg = Debug
		{E518D97E-F412-4E58-9E93-8C6284D47923}.DVD-9|Itanium.Build.0 = Debug
		{E518D97E-F412-4E58-9E93-8C6284D47923}.DVD-9|x64.ActiveCfg = Debug
		{E518D97E-F412-4E58-9E93-8C6284D47923}.DVD-9|x64.Build.0 = Debug
		{E518D97E-F412-4E58-9E93-8C6284D47923}.DVD-9|x86.ActiveCfg = Debug
		{E518D97E-F412-4E58-9E93-8C6284D47923}.DVD-9|x86.Build.0 = Debug
		{E518D97E-F412-4E58-9E93-8C6284D47923}.Release|Any CPU.ActiveCfg = Release
		{E518D97E-F412-4E58-9E93-8C6284D47923}.Release|Any CPU.Build.0 = Release
		{E518D97E-F412-4E58-9E93-8C6284D47923}.Release|Itanium.ActiveCfg = Release
		{E518D97E-F412-4E58-9E93-8C6284D47923}.Release|Itanium.Build.0 = Release
		{E518D97E-F412-4E58-9E93-8C6284D47923}.Release|x64.ActiveCfg = Release
		{E518D97E-F412-4E58-9E93-8C6284D47923}.Release|x64.Build.0 = Release
		{E518D97E-F412-4E58-9E93-8C6284D47923}.Release|x86.ActiveCfg = Release
		{E518D97E-F412-4E58-9E93-8C6284D47923}.Release|x86.Build.0 = Release
		{E518D97E-F412-4E58-9E93-8C6284D47923}.SingleImage|Any CPU.ActiveCfg = Release
		{E518D97E-F412-4E58-9E93-8C6284D47923}.SingleImage|Any CPU.Build.0 = Release
		{E518D97E-F412-4E58-9E93-8C6284D47923}.SingleImage|Itanium.ActiveCfg = Release
		{E518D97E-F412-4E58-9E93-8C6284D47923}.SingleImage|Itanium.Build.0 = Release
		{E518D97E-F412-4E58-9E93-8C6284D47923}.SingleImage|x64.ActiveCfg = Release
		{E518D97E-F412-4E58-9E93-8C6284D47923}.SingleImage|x64.Build.0 = Release
		{E518D97E-F412-4E58-9E93-8C6284D47923}.SingleImage|x86.ActiveCfg = Release
		{E518D97E-F412-4E58-9E93-8C6284D47923}.SingleImage|x86.Build.0 = Release
		{E518D97E-F412-4E58-9E93-8C6284D47923}.WebDeployment|Any CPU.ActiveCfg = Release
		{E518D97E-F412-4E58-9E93-8C6284D47923}.WebDeployment|Any CPU.Build.0 = Release
		{E518D97E-F412-4E58-9E93-8C6284D47923}.WebDeployment|Itanium.ActiveCfg = Release
		{E518D97E-F412-4E58-9E93-8C6284D47923}.WebDeployment|Itanium.Build.0 = Release
		{E518D97E-F412-4E58-9E93-8C6284D47923}.WebDeployment|x64.ActiveCfg = Release
		{E518D97E-F412-4E58-9E93-8C6284D47923}.WebDeployment|x64.Build.0 = Release
		{E518D97E-F412-4E58-9E93-8C6284D47923}.WebDeployment|x86.ActiveCfg = Release
		{E518D97E-F412-4E58-9E93-8C6284D47923}.WebDeployment|x86.Build.0 = Release
		{5C50230E-7A90-44FB-A2A6-58D06EAE0776}.CD_ROM|Any CPU.ActiveCfg = Release
		{5C50230E-7A90-44FB-A2A6-58D06EAE0776}.CD_ROM|Any CPU.Build.0 = Release
		{5C50230E-7A90-44FB-A2A6-58D06EAE0776}.CD_ROM|Itanium.ActiveCfg = Release
		{5C50230E-7A90-44FB-A2A6-58D06EAE0776}.CD_ROM|Itanium.Build.0 = Release
		{5C50230E-7A90-44FB-A2A6-58D06EAE0776}.CD_ROM|x64.ActiveCfg = Release
		{5C50230E-7A90-44FB-A2A6-58D06EAE0776}.CD_ROM|x64.Build.0 = Release
		{5C50230E-7A90-44FB-A2A6-58D06EAE0776}.CD_ROM|x86.ActiveCfg = Release
		{5C50230E-7A90-44FB-A2A6-58D06EAE0776}.CD_ROM|x86.Build.0 = Release
		{5C50230E-7A90-44FB-A2A6-58D06EAE0776}.Custom|Any CPU.ActiveCfg = Release
		{5C50230E-7A90-44FB-A2A6-58D06EAE0776}.Custom|Any CPU.Build.0 = Release
		{5C50230E-7A90-44FB-A2A6-58D06EAE0776}.Custom|Itanium.ActiveCfg = Release
		{5C50230E-7A90-44FB-A2A6-58D06EAE0776}.Custom|Itanium.Build.0 = Release
		{5C50230E-7A90-44FB-A2A6-58D06EAE0776}.Custom|x64.ActiveCfg = Release
		{5C50230E-7A90-44FB-A2A6-58D06EAE0776}.Custom|x64.Build.0 = Release
		{5C50230E-7A90-44FB-A2A6-58D06EAE0776}.Custom|x86.ActiveCfg = Release
		{5C50230E-7A90-44FB-A2A6-58D06EAE0776}.Custom|x86.Build.0 = Release
		{5C50230E-7A90-44FB-A2A6-58D06EAE0776}.Debug|Any CPU.ActiveCfg = Debug
		{5C50230E-7A90-44FB-A2A6-58D06EAE0776}.Debug|Itanium.ActiveCfg = Debug
		{5C50230E-7A90-44FB-A2A6-58D06EAE0776}.Debug|Itanium.Build.0 = Debug
		{5C50230E-7A90-44FB-A2A6-58D06EAE0776}.Debug|x64.ActiveCfg = Debug
		{5C50230E-7A90-44FB-A2A6-58D06EAE0776}.Debug|x64.Build.0 = Debug
		{5C50230E-7A90-44FB-A2A6-58D06EAE0776}.Debug|x86.ActiveCfg = Debug
		{5C50230E-7A90-44FB-A2A6-58D06EAE0776}.Debug|x86.Build.0 = Debug
		{5C50230E-7A90-44FB-A2A6-58D06EAE0776}.DVD-10|Any CPU.ActiveCfg = Debug
		{5C50230E-7A90-44FB-A2A6-58D06EAE0776}.DVD-10|Any CPU.Build.0 = Debug
		{5C50230E-7A90-44FB-A2A6-58D06EAE0776}.DVD-10|Itanium.ActiveCfg = Debug
		{5C50230E-7A90-44FB-A2A6-58D06EAE0776}.DVD-10|Itanium.Build.0 = Debug
		{5C50230E-7A90-44FB-A2A6-58D06EAE0776}.DVD-10|x64.ActiveCfg = Debug
		{5C50230E-7A90-44FB-A2A6-58D06EAE0776}.DVD-10|x64.Build.0 = Debug
		{5C50230E-7A90-44FB-A2A6-58D06EAE0776}.DVD-10|x86.ActiveCfg = Debug
		{5C50230E-7A90-44FB-A2A6-58D06EAE0776}.DVD-10|x86.Build.0 = Debug
		{5C50230E-7A90-44FB-A2A6-58D06EAE0776}.DVD-18|Any CPU.ActiveCfg = Debug
		{5C50230E-7A90-44FB-A2A6-58D06EAE0776}.DVD-18|Any CPU.Build.0 = Debug
		{5C50230E-7A90-44FB-A2A6-58D06EAE0776}.DVD-18|Itanium.ActiveCfg = Debug
		{5C50230E-7A90-44FB-A2A6-58D06EAE0776}.DVD-18|Itanium.Build.0 = Debug
		{5C50230E-7A90-44FB-A2A6-58D06EAE0776}.DVD-18|x64.ActiveCfg = Debug
		{5C50230E-7A90-44FB-A2A6-58D06EAE0776}.DVD-18|x64.Build.0 = Debug
		{5C50230E-7A90-44FB-A2A6-58D06EAE0776}.DVD-18|x86.ActiveCfg = Debug
		{5C50230E-7A90-44FB-A2A6-58D06EAE0776}.DVD-18|x86.Build.0 = Debug
		{5C50230E-7A90-44FB-A2A6-58D06EAE0776}.DVD-5|Any CPU.ActiveCfg = Debug
		{5C50230E-7A90-44FB-A2A6-58D06EAE0776}.DVD-5|Any CPU.Build.0 = Debug
		{5C50230E-7A90-44FB-A2A6-58D06EAE0776}.DVD-5|Itanium.ActiveCfg = Debug
		{5C50230E-7A90-44FB-A2A6-58D06EAE0776}.DVD-5|Itanium.Build.0 = Debug
		{5C50230E-7A90-44FB-A2A6-58D06EAE0776}.DVD-5|x64.ActiveCfg = Debug
		{5C50230E-7A90-44FB-A2A6-58D06EAE0776}.DVD-5|x64.Build.0 = Debug
		{5C50230E-7A90-44FB-A2A6-58D06EAE0776}.DVD-5|x86.ActiveCfg = Debug
		{5C50230E-7A90-44FB-A2A6-58D06EAE0776}.DVD-5|x86.Build.0 = Debug
		{5C50230E-7A90-44FB-A2A6-58D06EAE0776}.DVD-9|Any CPU.ActiveCfg = Debug
		{5C50230E-7A90-44FB-A2A6-58D06EAE0776}.DVD-9|Any CPU.Build.0 = Debug
		{5C50230E-7A90-44FB-A2A6-58D06EAE0776}.DVD-9|Itanium.ActiveCfg = Debug
		{5C50230E-7A90-44FB-A2A6-58D06EAE0776}.DVD-9|Itanium.Build.0 = Debug
		{5C50230E-7A90-44FB-A2A6-58D06EAE0776}.DVD-9|x64.ActiveCfg = Debug
		{5C50230E-7A90-44FB-A2A6-58D06EAE0776}.DVD-9|x64.Build.0 = Debug
		{5C50230E-7A90-44FB-A2A6-58D06EAE0776}.DVD-9|x86.ActiveCfg = Debug
		{5C50230E-7A90-44FB-A2A6-58D06EAE0776}.DVD-9|x86.Build.0 = Debug
		{5C50230E-7A90-44FB-A2A6-58D06EAE0776}.Release|Any CPU.ActiveCfg = Release
		{5C50230E-7A90-44FB-A2A6-58D06EAE0776}.Release|Any CPU.Build.0 = Release
		{5C50230E-7A90-44FB-A2A6-58D06EAE0776}.Release|Itanium.ActiveCfg = Release
		{5C50230E-7A90-44FB-A2A6-58D06EAE0776}.Release|Itanium.Build.0 = Release
		{5C50230E-7A90-44FB-A2A6-58D06EAE0776}.Release|x64.ActiveCfg = Release
		{5C50230E-7A90-44FB-A2A6-58D06EAE0776}.Release|x64.Build.0 = Release
		{5C50230E-7A90-44FB-A2A6-58D06EAE0776}.Release|x86.ActiveCfg = Release
		{5C50230E-7A90-44FB-A2A6-58D06EAE0776}.Release|x86.Build.0 = Release
		{5C50230E-7A90-44FB-A2A6-58D06EAE0776}.SingleImage|Any CPU.ActiveCfg = Release
		{5C50230E-7A90-44FB-A2A6-58D06EAE0776}.SingleImage|Any CPU.Build.0 = Release
		{5C50230E-7A90-44FB-A2A6-58D06EAE0776}.SingleImage|Itanium.ActiveCfg = Release
		{5C50230E-7A90-44FB-A2A6-58D06EAE0776}.SingleImage|Itanium.Build.0 = Release
		{5C50230E-7A90-44FB-A2A6-58D06EAE0776}.SingleImage|x64.ActiveCfg = Release
		{5C50230E-7A90-44FB-A2A6-58D06EAE0776}.SingleImage|x64.Build.0 = Release
		{5C50230E-7A90-44FB-A2A6-58D06EAE0776}.SingleImage|x86.ActiveCfg = Release
		{5C50230E-7A90-44FB-A2A6-58D06EAE0776}.SingleImage|x86.Build.0 = Release
		{5C50230E-7A90-44FB-A2A6-58D06EAE0776}.WebDeployment|Any CPU.ActiveCfg = Release
		{5C50230E-7A90-44FB-A2A6-58D06EAE0776}.WebDeployment|Any CPU.Build.0 = Release
		{5C50230E-7A90-44FB-A2A6-58D06EAE0776}.WebDeployment|Itanium.ActiveCfg = Release
		{5C50230E-7A90-44FB-A2A6-58D06EAE0776}.WebDeployment|Itanium.Build.0 = Release
		{5C50230E-7A90-44FB-A2A6-58D06EAE0776}.WebDeployment|x64.ActiveCfg = Release
		{5C50230E-7A90-44FB-A2A6-58D06EAE0776}.WebDeployment|x64.Build.0 = Release
		{5C50230E-7A90-44FB-A2A6-58D06EAE0776}.WebDeployment|x86.ActiveCfg = Release
		{5C50230E-7A90-44FB-A2A6-58D06EAE0776}.WebDeployment|x86.Build.0 = Release
		{2E1FCE53-9B2D-4671-81E2-F9F7CDAFEAF4}.CD_ROM|Any CPU.ActiveCfg = Release|Any CPU
		{2E1FCE53-9B2D-4671-81E2-F9F7CDAFEAF4}.CD_ROM|Any CPU.Build.0 = Release|Any CPU
		{2E1FCE53-9B2D-4671-81E2-F9F7CDAFEAF4}.CD_ROM|Itanium.ActiveCfg = Release|Any CPU
		{2E1FCE53-9B2D-4671-81E2-F9F7CDAFEAF4}.CD_ROM|Itanium.Build.0 = Release|Any CPU
		{2E1FCE53-9B2D-4671-81E2-F9F7CDAFEAF4}.CD_ROM|x64.ActiveCfg = Release|Any CPU
		{2E1FCE53-9B2D-4671-81E2-F9F7CDAFEAF4}.CD_ROM|x64.Build.0 = Release|Any CPU
		{2E1FCE53-9B2D-4671-81E2-F9F7CDAFEAF4}.CD_ROM|x86.ActiveCfg = Release|Any CPU
		{2E1FCE53-9B2D-4671-81E2-F9F7CDAFEAF4}.CD_ROM|x86.Build.0 = Release|Any CPU
		{2E1FCE53-9B2D-4671-81E2-F9F7CDAFEAF4}.Custom|Any CPU.ActiveCfg = Release|Any CPU
		{2E1FCE53-9B2D-4671-81E2-F9F7CDAFEAF4}.Custom|Any CPU.Build.0 = Release|Any CPU
		{2E1FCE53-9B2D-4671-81E2-F9F7CDAFEAF4}.Custom|Itanium.ActiveCfg = Release|Any CPU
		{2E1FCE53-9B2D-4671-81E2-F9F7CDAFEAF4}.Custom|Itanium.Build.0 = Release|Any CPU
		{2E1FCE53-9B2D-4671-81E2-F9F7CDAFEAF4}.Custom|x64.ActiveCfg = Release|Any CPU
		{2E1FCE53-9B2D-4671-81E2-F9F7CDAFEAF4}.Custom|x64.Build.0 = Release|Any CPU
		{2E1FCE53-9B2D-4671-81E2-F9F7CDAFEAF4}.Custom|x86.ActiveCfg = Release|Any CPU
		{2E1FCE53-9B2D-4671-81E2-F9F7CDAFEAF4}.Custom|x86.Build.0 = Release|Any CPU
		{2E1FCE53-9B2D-4671-81E2-F9F7CDAFEAF4}.Debug|Any CPU.ActiveCfg = Debug|Any CPU
		{2E1FCE53-9B2D-4671-81E2-F9F7CDAFEAF4}.Debug|Any CPU.Build.0 = Debug|Any CPU
		{2E1FCE53-9B2D-4671-81E2-F9F7CDAFEAF4}.Debug|Itanium.ActiveCfg = Debug|Any CPU
		{2E1FCE53-9B2D-4671-81E2-F9F7CDAFEAF4}.Debug|Itanium.Build.0 = Debug|Any CPU
		{2E1FCE53-9B2D-4671-81E2-F9F7CDAFEAF4}.Debug|x64.ActiveCfg = Debug|Any CPU
		{2E1FCE53-9B2D-4671-81E2-F9F7CDAFEAF4}.Debug|x64.Build.0 = Debug|Any CPU
		{2E1FCE53-9B2D-4671-81E2-F9F7CDAFEAF4}.Debug|x86.ActiveCfg = Debug|Any CPU
		{2E1FCE53-9B2D-4671-81E2-F9F7CDAFEAF4}.Debug|x86.Build.0 = Debug|Any CPU
		{2E1FCE53-9B2D-4671-81E2-F9F7CDAFEAF4}.DVD-10|Any CPU.ActiveCfg = Debug|Any CPU
		{2E1FCE53-9B2D-4671-81E2-F9F7CDAFEAF4}.DVD-10|Any CPU.Build.0 = Debug|Any CPU
		{2E1FCE53-9B2D-4671-81E2-F9F7CDAFEAF4}.DVD-10|Itanium.ActiveCfg = Debug|Any CPU
		{2E1FCE53-9B2D-4671-81E2-F9F7CDAFEAF4}.DVD-10|Itanium.Build.0 = Debug|Any CPU
		{2E1FCE53-9B2D-4671-81E2-F9F7CDAFEAF4}.DVD-10|x64.ActiveCfg = Debug|Any CPU
		{2E1FCE53-9B2D-4671-81E2-F9F7CDAFEAF4}.DVD-10|x64.Build.0 = Debug|Any CPU
		{2E1FCE53-9B2D-4671-81E2-F9F7CDAFEAF4}.DVD-10|x86.ActiveCfg = Debug|Any CPU
		{2E1FCE53-9B2D-4671-81E2-F9F7CDAFEAF4}.DVD-10|x86.Build.0 = Debug|Any CPU
		{2E1FCE53-9B2D-4671-81E2-F9F7CDAFEAF4}.DVD-18|Any CPU.ActiveCfg = Debug|Any CPU
		{2E1FCE53-9B2D-4671-81E2-F9F7CDAFEAF4}.DVD-18|Any CPU.Build.0 = Debug|Any CPU
		{2E1FCE53-9B2D-4671-81E2-F9F7CDAFEAF4}.DVD-18|Itanium.ActiveCfg = Debug|Any CPU
		{2E1FCE53-9B2D-4671-81E2-F9F7CDAFEAF4}.DVD-18|Itanium.Build.0 = Debug|Any CPU
		{2E1FCE53-9B2D-4671-81E2-F9F7CDAFEAF4}.DVD-18|x64.ActiveCfg = Debug|Any CPU
		{2E1FCE53-9B2D-4671-81E2-F9F7CDAFEAF4}.DVD-18|x64.Build.0 = Debug|Any CPU
		{2E1FCE53-9B2D-4671-81E2-F9F7CDAFEAF4}.DVD-18|x86.ActiveCfg = Debug|Any CPU
		{2E1FCE53-9B2D-4671-81E2-F9F7CDAFEAF4}.DVD-18|x86.Build.0 = Debug|Any CPU
		{2E1FCE53-9B2D-4671-81E2-F9F7CDAFEAF4}.DVD-5|Any CPU.ActiveCfg = Debug|Any CPU
		{2E1FCE53-9B2D-4671-81E2-F9F7CDAFEAF4}.DVD-5|Any CPU.Build.0 = Debug|Any CPU
		{2E1FCE53-9B2D-4671-81E2-F9F7CDAFEAF4}.DVD-5|Itanium.ActiveCfg = Debug|Any CPU
		{2E1FCE53-9B2D-4671-81E2-F9F7CDAFEAF4}.DVD-5|Itanium.Build.0 = Debug|Any CPU
		{2E1FCE53-9B2D-4671-81E2-F9F7CDAFEAF4}.DVD-5|x64.ActiveCfg = Debug|Any CPU
		{2E1FCE53-9B2D-4671-81E2-F9F7CDAFEAF4}.DVD-5|x64.Build.0 = Debug|Any CPU
		{2E1FCE53-9B2D-4671-81E2-F9F7CDAFEAF4}.DVD-5|x86.ActiveCfg = Debug|Any CPU
		{2E1FCE53-9B2D-4671-81E2-F9F7CDAFEAF4}.DVD-5|x86.Build.0 = Debug|Any CPU
		{2E1FCE53-9B2D-4671-81E2-F9F7CDAFEAF4}.DVD-9|Any CPU.ActiveCfg = Debug|Any CPU
		{2E1FCE53-9B2D-4671-81E2-F9F7CDAFEAF4}.DVD-9|Any CPU.Build.0 = Debug|Any CPU
		{2E1FCE53-9B2D-4671-81E2-F9F7CDAFEAF4}.DVD-9|Itanium.ActiveCfg = Debug|Any CPU
		{2E1FCE53-9B2D-4671-81E2-F9F7CDAFEAF4}.DVD-9|Itanium.Build.0 = Debug|Any CPU
		{2E1FCE53-9B2D-4671-81E2-F9F7CDAFEAF4}.DVD-9|x64.ActiveCfg = Debug|Any CPU
		{2E1FCE53-9B2D-4671-81E2-F9F7CDAFEAF4}.DVD-9|x64.Build.0 = Debug|Any CPU
		{2E1FCE53-9B2D-4671-81E2-F9F7CDAFEAF4}.DVD-9|x86.ActiveCfg = Debug|Any CPU
		{2E1FCE53-9B2D-4671-81E2-F9F7CDAFEAF4}.DVD-9|x86.Build.0 = Debug|Any CPU
		{2E1FCE53-9B2D-4671-81E2-F9F7CDAFEAF4}.Release|Any CPU.ActiveCfg = Release|Any CPU
		{2E1FCE53-9B2D-4671-81E2-F9F7CDAFEAF4}.Release|Any CPU.Build.0 = Release|Any CPU
		{2E1FCE53-9B2D-4671-81E2-F9F7CDAFEAF4}.Release|Itanium.ActiveCfg = Release|Any CPU
		{2E1FCE53-9B2D-4671-81E2-F9F7CDAFEAF4}.Release|Itanium.Build.0 = Release|Any CPU
		{2E1FCE53-9B2D-4671-81E2-F9F7CDAFEAF4}.Release|x64.ActiveCfg = Release|Any CPU
		{2E1FCE53-9B2D-4671-81E2-F9F7CDAFEAF4}.Release|x64.Build.0 = Release|Any CPU
		{2E1FCE53-9B2D-4671-81E2-F9F7CDAFEAF4}.Release|x86.ActiveCfg = Release|Any CPU
		{2E1FCE53-9B2D-4671-81E2-F9F7CDAFEAF4}.Release|x86.Build.0 = Release|Any CPU
		{2E1FCE53-9B2D-4671-81E2-F9F7CDAFEAF4}.SingleImage|Any CPU.ActiveCfg = Release|Any CPU
		{2E1FCE53-9B2D-4671-81E2-F9F7CDAFEAF4}.SingleImage|Any CPU.Build.0 = Release|Any CPU
		{2E1FCE53-9B2D-4671-81E2-F9F7CDAFEAF4}.SingleImage|Itanium.ActiveCfg = Release|Any CPU
		{2E1FCE53-9B2D-4671-81E2-F9F7CDAFEAF4}.SingleImage|Itanium.Build.0 = Release|Any CPU
		{2E1FCE53-9B2D-4671-81E2-F9F7CDAFEAF4}.SingleImage|x64.ActiveCfg = Release|Any CPU
		{2E1FCE53-9B2D-4671-81E2-F9F7CDAFEAF4}.SingleImage|x64.Build.0 = Release|Any CPU
		{2E1FCE53-9B2D-4671-81E2-F9F7CDAFEAF4}.SingleImage|x86.ActiveCfg = Release|Any CPU
		{2E1FCE53-9B2D-4671-81E2-F9F7CDAFEAF4}.SingleImage|x86.Build.0 = Release|Any CPU
		{2E1FCE53-9B2D-4671-81E2-F9F7CDAFEAF4}.WebDeployment|Any CPU.ActiveCfg = Release|Any CPU
		{2E1FCE53-9B2D-4671-81E2-F9F7CDAFEAF4}.WebDeployment|Any CPU.Build.0 = Release|Any CPU
		{2E1FCE53-9B2D-4671-81E2-F9F7CDAFEAF4}.WebDeployment|Itanium.ActiveCfg = Release|Any CPU
		{2E1FCE53-9B2D-4671-81E2-F9F7CDAFEAF4}.WebDeployment|Itanium.Build.0 = Release|Any CPU
		{2E1FCE53-9B2D-4671-81E2-F9F7CDAFEAF4}.WebDeployment|x64.ActiveCfg = Release|Any CPU
		{2E1FCE53-9B2D-4671-81E2-F9F7CDAFEAF4}.WebDeployment|x64.Build.0 = Release|Any CPU
		{2E1FCE53-9B2D-4671-81E2-F9F7CDAFEAF4}.WebDeployment|x86.ActiveCfg = Release|Any CPU
		{2E1FCE53-9B2D-4671-81E2-F9F7CDAFEAF4}.WebDeployment|x86.Build.0 = Release|Any CPU
		{38C15791-C17A-49E3-B530-451CE964CF16}.CD_ROM|Any CPU.ActiveCfg = Debug|Any CPU
		{38C15791-C17A-49E3-B530-451CE964CF16}.CD_ROM|Any CPU.Build.0 = Debug|Any CPU
		{38C15791-C17A-49E3-B530-451CE964CF16}.CD_ROM|Itanium.ActiveCfg = Debug|Any CPU
		{38C15791-C17A-49E3-B530-451CE964CF16}.CD_ROM|Itanium.Build.0 = Debug|Any CPU
		{38C15791-C17A-49E3-B530-451CE964CF16}.CD_ROM|x64.ActiveCfg = Debug|Any CPU
		{38C15791-C17A-49E3-B530-451CE964CF16}.CD_ROM|x64.Build.0 = Debug|Any CPU
		{38C15791-C17A-49E3-B530-451CE964CF16}.CD_ROM|x86.ActiveCfg = Debug|Any CPU
		{38C15791-C17A-49E3-B530-451CE964CF16}.CD_ROM|x86.Build.0 = Debug|Any CPU
		{38C15791-C17A-49E3-B530-451CE964CF16}.Custom|Any CPU.ActiveCfg = Debug|Any CPU
		{38C15791-C17A-49E3-B530-451CE964CF16}.Custom|Any CPU.Build.0 = Debug|Any CPU
		{38C15791-C17A-49E3-B530-451CE964CF16}.Custom|Itanium.ActiveCfg = Debug|Any CPU
		{38C15791-C17A-49E3-B530-451CE964CF16}.Custom|Itanium.Build.0 = Debug|Any CPU
		{38C15791-C17A-49E3-B530-451CE964CF16}.Custom|x64.ActiveCfg = Debug|Any CPU
		{38C15791-C17A-49E3-B530-451CE964CF16}.Custom|x64.Build.0 = Debug|Any CPU
		{38C15791-C17A-49E3-B530-451CE964CF16}.Custom|x86.ActiveCfg = Debug|Any CPU
		{38C15791-C17A-49E3-B530-451CE964CF16}.Custom|x86.Build.0 = Debug|Any CPU
		{38C15791-C17A-49E3-B530-451CE964CF16}.Debug|Any CPU.ActiveCfg = Debug|Any CPU
		{38C15791-C17A-49E3-B530-451CE964CF16}.Debug|Any CPU.Build.0 = Debug|Any CPU
		{38C15791-C17A-49E3-B530-451CE964CF16}.Debug|Itanium.ActiveCfg = Debug|Any CPU
		{38C15791-C17A-49E3-B530-451CE964CF16}.Debug|Itanium.Build.0 = Debug|Any CPU
		{38C15791-C17A-49E3-B530-451CE964CF16}.Debug|x64.ActiveCfg = Debug|Any CPU
		{38C15791-C17A-49E3-B530-451CE964CF16}.Debug|x64.Build.0 = Debug|Any CPU
		{38C15791-C17A-49E3-B530-451CE964CF16}.Debug|x86.ActiveCfg = Debug|Any CPU
		{38C15791-C17A-49E3-B530-451CE964CF16}.Debug|x86.Build.0 = Debug|Any CPU
		{38C15791-C17A-49E3-B530-451CE964CF16}.DVD-10|Any CPU.ActiveCfg = Debug|Any CPU
		{38C15791-C17A-49E3-B530-451CE964CF16}.DVD-10|Any CPU.Build.0 = Debug|Any CPU
		{38C15791-C17A-49E3-B530-451CE964CF16}.DVD-10|Itanium.ActiveCfg = Debug|Any CPU
		{38C15791-C17A-49E3-B530-451CE964CF16}.DVD-10|Itanium.Build.0 = Debug|Any CPU
		{38C15791-C17A-49E3-B530-451CE964CF16}.DVD-10|x64.ActiveCfg = Debug|Any CPU
		{38C15791-C17A-49E3-B530-451CE964CF16}.DVD-10|x64.Build.0 = Debug|Any CPU
		{38C15791-C17A-49E3-B530-451CE964CF16}.DVD-10|x86.ActiveCfg = Debug|Any CPU
		{38C15791-C17A-49E3-B530-451CE964CF16}.DVD-10|x86.Build.0 = Debug|Any CPU
		{38C15791-C17A-49E3-B530-451CE964CF16}.DVD-18|Any CPU.ActiveCfg = Debug|Any CPU
		{38C15791-C17A-49E3-B530-451CE964CF16}.DVD-18|Any CPU.Build.0 = Debug|Any CPU
		{38C15791-C17A-49E3-B530-451CE964CF16}.DVD-18|Itanium.ActiveCfg = Debug|Any CPU
		{38C15791-C17A-49E3-B530-451CE964CF16}.DVD-18|Itanium.Build.0 = Debug|Any CPU
		{38C15791-C17A-49E3-B530-451CE964CF16}.DVD-18|x64.ActiveCfg = Debug|Any CPU
		{38C15791-C17A-49E3-B530-451CE964CF16}.DVD-18|x64.Build.0 = Debug|Any CPU
		{38C15791-C17A-49E3-B530-451CE964CF16}.DVD-18|x86.ActiveCfg = Debug|Any CPU
		{38C15791-C17A-49E3-B530-451CE964CF16}.DVD-18|x86.Build.0 = Debug|Any CPU
		{38C15791-C17A-49E3-B530-451CE964CF16}.DVD-5|Any CPU.ActiveCfg = Debug|Any CPU
		{38C15791-C17A-49E3-B530-451CE964CF16}.DVD-5|Any CPU.Build.0 = Debug|Any CPU
		{38C15791-C17A-49E3-B530-451CE964CF16}.DVD-5|Itanium.ActiveCfg = Debug|Any CPU
		{38C15791-C17A-49E3-B530-451CE964CF16}.DVD-5|Itanium.Build.0 = Debug|Any CPU
		{38C15791-C17A-49E3-B530-451CE964CF16}.DVD-5|x64.ActiveCfg = Debug|Any CPU
		{38C15791-C17A-49E3-B530-451CE964CF16}.DVD-5|x64.Build.0 = Debug|Any CPU
		{38C15791-C17A-49E3-B530-451CE964CF16}.DVD-5|x86.ActiveCfg = Debug|Any CPU
		{38C15791-C17A-49E3-B530-451CE964CF16}.DVD-5|x86.Build.0 = Debug|Any CPU
		{38C15791-C17A-49E3-B530-451CE964CF16}.DVD-9|Any CPU.ActiveCfg = Debug|Any CPU
		{38C15791-C17A-49E3-B530-451CE964CF16}.DVD-9|Any CPU.Build.0 = Debug|Any CPU
		{38C15791-C17A-49E3-B530-451CE964CF16}.DVD-9|Itanium.ActiveCfg = Debug|Any CPU
		{38C15791-C17A-49E3-B530-451CE964CF16}.DVD-9|Itanium.Build.0 = Debug|Any CPU
		{38C15791-C17A-49E3-B530-451CE964CF16}.DVD-9|x64.ActiveCfg = Debug|Any CPU
		{38C15791-C17A-49E3-B530-451CE964CF16}.DVD-9|x64.Build.0 = Debug|Any CPU
		{38C15791-C17A-49E3-B530-451CE964CF16}.DVD-9|x86.ActiveCfg = Debug|Any CPU
		{38C15791-C17A-49E3-B530-451CE964CF16}.DVD-9|x86.Build.0 = Debug|Any CPU
		{38C15791-C17A-49E3-B530-451CE964CF16}.Release|Any CPU.ActiveCfg = Release|Any CPU
		{38C15791-C17A-49E3-B530-451CE964CF16}.Release|Itanium.ActiveCfg = Release|Any CPU
		{38C15791-C17A-49E3-B530-451CE964CF16}.Release|x64.ActiveCfg = Release|Any CPU
		{38C15791-C17A-49E3-B530-451CE964CF16}.Release|x86.ActiveCfg = Release|Any CPU
		{38C15791-C17A-49E3-B530-451CE964CF16}.SingleImage|Any CPU.ActiveCfg = Debug|Any CPU
		{38C15791-C17A-49E3-B530-451CE964CF16}.SingleImage|Any CPU.Build.0 = Debug|Any CPU
		{38C15791-C17A-49E3-B530-451CE964CF16}.SingleImage|Itanium.ActiveCfg = Debug|Any CPU
		{38C15791-C17A-49E3-B530-451CE964CF16}.SingleImage|Itanium.Build.0 = Debug|Any CPU
		{38C15791-C17A-49E3-B530-451CE964CF16}.SingleImage|x64.ActiveCfg = Debug|Any CPU
		{38C15791-C17A-49E3-B530-451CE964CF16}.SingleImage|x64.Build.0 = Debug|Any CPU
		{38C15791-C17A-49E3-B530-451CE964CF16}.SingleImage|x86.ActiveCfg = Debug|Any CPU
		{38C15791-C17A-49E3-B530-451CE964CF16}.SingleImage|x86.Build.0 = Debug|Any CPU
		{38C15791-C17A-49E3-B530-451CE964CF16}.WebDeployment|Any CPU.ActiveCfg = Debug|Any CPU
		{38C15791-C17A-49E3-B530-451CE964CF16}.WebDeployment|Any CPU.Build.0 = Debug|Any CPU
		{38C15791-C17A-49E3-B530-451CE964CF16}.WebDeployment|Itanium.ActiveCfg = Debug|Any CPU
		{38C15791-C17A-49E3-B530-451CE964CF16}.WebDeployment|Itanium.Build.0 = Debug|Any CPU
		{38C15791-C17A-49E3-B530-451CE964CF16}.WebDeployment|x64.ActiveCfg = Debug|Any CPU
		{38C15791-C17A-49E3-B530-451CE964CF16}.WebDeployment|x64.Build.0 = Debug|Any CPU
		{38C15791-C17A-49E3-B530-451CE964CF16}.WebDeployment|x86.ActiveCfg = Debug|Any CPU
		{38C15791-C17A-49E3-B530-451CE964CF16}.WebDeployment|x86.Build.0 = Debug|Any CPU
	EndGlobalSection
	GlobalSection(SolutionProperties) = preSolution
		HideSolutionNode = FALSE
	EndGlobalSection
	GlobalSection(ExtensibilityGlobals) = postSolution
		SolutionGuid = {759EBA12-866D-4048-A27F-2250ACD53B4E}
	EndGlobalSection
EndGlobal
